// !$*UTF8*$!
{
	archiveVersion = 1;
	classes = {
	};
	objectVersion = 46;
	objects = {

/* Begin PBXBuildFile section */
		5305EB6F1BE53D1700155825 /* FBSDKCoreKit.framework in Frameworks */ = {isa = PBXBuildFile; fileRef = 5305EB6C1BE53D1700155825 /* FBSDKCoreKit.framework */; };
		5305EB701BE53D1700155825 /* FBSDKLoginKit.framework in Frameworks */ = {isa = PBXBuildFile; fileRef = 5305EB6D1BE53D1700155825 /* FBSDKLoginKit.framework */; };
		5305EB711BE53D1700155825 /* FBSDKShareKit.framework in Frameworks */ = {isa = PBXBuildFile; fileRef = 5305EB6E1BE53D1700155825 /* FBSDKShareKit.framework */; };
		532B95491B5F00C2003B1D08 /* footprint_filled.png in Resources */ = {isa = PBXBuildFile; fileRef = 532B95411B5F00C2003B1D08 /* footprint_filled.png */; };
		532B954A1B5F00C2003B1D08 /* footprint_filled@2x.png in Resources */ = {isa = PBXBuildFile; fileRef = 532B95421B5F00C2003B1D08 /* footprint_filled@2x.png */; };
		532B954B1B5F00C2003B1D08 /* library_filled.png in Resources */ = {isa = PBXBuildFile; fileRef = 532B95431B5F00C2003B1D08 /* library_filled.png */; };
		532B954C1B5F00C2003B1D08 /* library_filled@2x.png in Resources */ = {isa = PBXBuildFile; fileRef = 532B95441B5F00C2003B1D08 /* library_filled@2x.png */; };
		532B954D1B5F00C2003B1D08 /* running_filled.png in Resources */ = {isa = PBXBuildFile; fileRef = 532B95451B5F00C2003B1D08 /* running_filled.png */; };
		532B954E1B5F00C2003B1D08 /* running_filled@2x.png in Resources */ = {isa = PBXBuildFile; fileRef = 532B95461B5F00C2003B1D08 /* running_filled@2x.png */; };
		532B954F1B5F00C2003B1D08 /* settings_filled.png in Resources */ = {isa = PBXBuildFile; fileRef = 532B95471B5F00C2003B1D08 /* settings_filled.png */; };
		532B95501B5F00C2003B1D08 /* settings_filled@2x.png in Resources */ = {isa = PBXBuildFile; fileRef = 532B95481B5F00C2003B1D08 /* settings_filled@2x.png */; };
		532B95531B5F00FF003B1D08 /* clock_filled.png in Resources */ = {isa = PBXBuildFile; fileRef = 532B95511B5F00FF003B1D08 /* clock_filled.png */; };
		532B95541B5F00FF003B1D08 /* clock_filled@2x.png in Resources */ = {isa = PBXBuildFile; fileRef = 532B95521B5F00FF003B1D08 /* clock_filled@2x.png */; };
		532B95581B5F378A003B1D08 /* DSSymptomTableViewCell.m in Sources */ = {isa = PBXBuildFile; fileRef = 532B95571B5F378A003B1D08 /* DSSymptomTableViewCell.m */; };
		532B955D1B5F3950003B1D08 /* DSSymptom.m in Sources */ = {isa = PBXBuildFile; fileRef = 532B955C1B5F3950003B1D08 /* DSSymptom.m */; };
		532B95621B5F4583003B1D08 /* DSInformationDetailViewController.m in Sources */ = {isa = PBXBuildFile; fileRef = 532B95611B5F4582003B1D08 /* DSInformationDetailViewController.m */; };
		535282331BE545EB00A675F8 /* DSLoginViewController.m in Sources */ = {isa = PBXBuildFile; fileRef = 535282321BE545EB00A675F8 /* DSLoginViewController.m */; };
		535282351BE549A000A675F8 /* CoreData.framework in Frameworks */ = {isa = PBXBuildFile; fileRef = 535282341BE549A000A675F8 /* CoreData.framework */; };
		535282371BE549B400A675F8 /* CoreLocation.framework in Frameworks */ = {isa = PBXBuildFile; fileRef = 535282361BE549B400A675F8 /* CoreLocation.framework */; };
		535282391BE549BA00A675F8 /* UIKit.framework in Frameworks */ = {isa = PBXBuildFile; fileRef = 535282381BE549BA00A675F8 /* UIKit.framework */; };
		535282461BE54D1400A675F8 /* libBean-iOS-OSX-SDK.a in Frameworks */ = {isa = PBXBuildFile; fileRef = 535282451BE54D1400A675F8 /* libBean-iOS-OSX-SDK.a */; };
		5352824B1BE54D3100A675F8 /* libLFHeatMap.a in Frameworks */ = {isa = PBXBuildFile; fileRef = 535282481BE54D3100A675F8 /* libLFHeatMap.a */; };
		5352824F1BE54E9F00A675F8 /* Bolts.framework in Frameworks */ = {isa = PBXBuildFile; fileRef = 535282251BE5418500A675F8 /* Bolts.framework */; };
		535282501BE54E9F00A675F8 /* Parse.framework in Frameworks */ = {isa = PBXBuildFile; fileRef = 535282261BE5418500A675F8 /* Parse.framework */; };
		535282521BE54E9F00A675F8 /* ParseFacebookUtilsV4.framework in Frameworks */ = {isa = PBXBuildFile; fileRef = 535282291BE5418500A675F8 /* ParseFacebookUtilsV4.framework */; };
		535282551BE5500700A675F8 /* StoreKit.framework in Frameworks */ = {isa = PBXBuildFile; fileRef = 535282541BE5500700A675F8 /* StoreKit.framework */; };
		535282571BE5501200A675F8 /* CoreGraphics.framework in Frameworks */ = {isa = PBXBuildFile; fileRef = 535282561BE5501200A675F8 /* CoreGraphics.framework */; };
		535282591BE5501F00A675F8 /* Foundation.framework in Frameworks */ = {isa = PBXBuildFile; fileRef = 535282581BE5501F00A675F8 /* Foundation.framework */; };
		5352825B1BE5531500A675F8 /* libsqlite3.0.tbd in Frameworks */ = {isa = PBXBuildFile; fileRef = 5352825A1BE5531500A675F8 /* libsqlite3.0.tbd */; };
		5352825D1BE5533600A675F8 /* Security.framework in Frameworks */ = {isa = PBXBuildFile; fileRef = 5352825C1BE5533600A675F8 /* Security.framework */; };
		5352825F1BE5535D00A675F8 /* AudioToolbox.framework in Frameworks */ = {isa = PBXBuildFile; fileRef = 5352825E1BE5535D00A675F8 /* AudioToolbox.framework */; };
		535282611BE5536800A675F8 /* libz.1.1.3.tbd in Frameworks */ = {isa = PBXBuildFile; fileRef = 535282601BE5536800A675F8 /* libz.1.1.3.tbd */; };
		535282631BE5537600A675F8 /* SystemConfiguration.framework in Frameworks */ = {isa = PBXBuildFile; fileRef = 535282621BE5537600A675F8 /* SystemConfiguration.framework */; };
		535282651BE5537E00A675F8 /* MobileCoreServices.framework in Frameworks */ = {isa = PBXBuildFile; fileRef = 535282641BE5537E00A675F8 /* MobileCoreServices.framework */; };
		535468B01B596108001D66E1 /* Coordinates.plist in Resources */ = {isa = PBXBuildFile; fileRef = 535468AF1B596108001D66E1 /* Coordinates.plist */; };
		535468B51B5968E6001D66E1 /* DSAppConstants.m in Sources */ = {isa = PBXBuildFile; fileRef = 535468B41B5968E6001D66E1 /* DSAppConstants.m */; };
		535468BF1B59DAA8001D66E1 /* foot_image.png in Resources */ = {isa = PBXBuildFile; fileRef = 535468BE1B59DAA8001D66E1 /* foot_image.png */; };
		53612AC71B51D0CF002D7690 /* DSData.m in Sources */ = {isa = PBXBuildFile; fileRef = 53612AC61B51D0CF002D7690 /* DSData.m */; };
		5364FAFF1BE6D177003BA58B /* Main.storyboard in Resources */ = {isa = PBXBuildFile; fileRef = 5364FAFD1BE6D177003BA58B /* Main.storyboard */; };
		5364FB011BE6EED9003BA58B /* ParseUI.framework in Frameworks */ = {isa = PBXBuildFile; fileRef = 5364FB001BE6EED9003BA58B /* ParseUI.framework */; };
		53D26BFD1BE56D8D00929D1D /* DSStatisticsViewController.m in Sources */ = {isa = PBXBuildFile; fileRef = 53D26BFC1BE56D8D00929D1D /* DSStatisticsViewController.m */; };
		53DBA6451B74511600F1BC64 /* app_logo_58_58.png in Resources */ = {isa = PBXBuildFile; fileRef = 53DBA6401B74511600F1BC64 /* app_logo_58_58.png */; };
		53DBA6461B74511600F1BC64 /* app_logo_80_80.png in Resources */ = {isa = PBXBuildFile; fileRef = 53DBA6411B74511600F1BC64 /* app_logo_80_80.png */; };
		53DBA6471B74511600F1BC64 /* app_logo_120_120.png in Resources */ = {isa = PBXBuildFile; fileRef = 53DBA6421B74511600F1BC64 /* app_logo_120_120.png */; };
		53DBA6481B74511600F1BC64 /* app_logo_180_180.png in Resources */ = {isa = PBXBuildFile; fileRef = 53DBA6431B74511600F1BC64 /* app_logo_180_180.png */; };
		53DBA6491B74511600F1BC64 /* app_logo_original.png in Resources */ = {isa = PBXBuildFile; fileRef = 53DBA6441B74511600F1BC64 /* app_logo_original.png */; };
		CD12CB5E1B385D55004F3AB7 /* DSInformationViewController.m in Sources */ = {isa = PBXBuildFile; fileRef = CD12CB5D1B385D55004F3AB7 /* DSInformationViewController.m */; };
		CD16E7B41B24FBC50071E1CF /* main.m in Sources */ = {isa = PBXBuildFile; fileRef = CD16E7B31B24FBC50071E1CF /* main.m */; };
		CD16E7B71B24FBC50071E1CF /* DSAppDelegate.m in Sources */ = {isa = PBXBuildFile; fileRef = CD16E7B61B24FBC50071E1CF /* DSAppDelegate.m */; };
		CD16E7BA1B24FBC50071E1CF /* DSRealtimeViewController.m in Sources */ = {isa = PBXBuildFile; fileRef = CD16E7B91B24FBC50071E1CF /* DSRealtimeViewController.m */; };
		CD16E7C21B24FBC50071E1CF /* Images.xcassets in Resources */ = {isa = PBXBuildFile; fileRef = CD16E7C11B24FBC50071E1CF /* Images.xcassets */; };
		CDA9D5601B4DE49100C3170F /* DSSettingsTableViewController.m in Sources */ = {isa = PBXBuildFile; fileRef = CDA9D55F1B4DE49100C3170F /* DSSettingsTableViewController.m */; };
		CDA9D56A1B4DF61D00C3170F /* DSBlueBeanTableViewController.m in Sources */ = {isa = PBXBuildFile; fileRef = CDA9D5691B4DF61D00C3170F /* DSBlueBeanTableViewController.m */; };
		CDA9D56F1B4DFA1E00C3170F /* DSBlueBeanTableViewCell.m in Sources */ = {isa = PBXBuildFile; fileRef = CDA9D56E1B4DFA1E00C3170F /* DSBlueBeanTableViewCell.m */; };
		CDA9D5791B4E127F00C3170F /* DSBlueBeanConnector.m in Sources */ = {isa = PBXBuildFile; fileRef = CDA9D5781B4E127F00C3170F /* DSBlueBeanConnector.m */; };
		CDA9D5A91B4E229000C3170F /* app_launch_screen_640_960.png in Resources */ = {isa = PBXBuildFile; fileRef = CDA9D5A01B4E229000C3170F /* app_launch_screen_640_960.png */; };
		CDA9D5B31B4E241C00C3170F /* app_launch_screen_640_1136.png in Resources */ = {isa = PBXBuildFile; fileRef = CDA9D5B21B4E241C00C3170F /* app_launch_screen_640_1136.png */; };
		CDA9D5B51B4E257F00C3170F /* LaunchScreen.xib in Resources */ = {isa = PBXBuildFile; fileRef = CDA9D5B41B4E257F00C3170F /* LaunchScreen.xib */; };
		CDDFB1261B39115600DF1D5B /* QuartzCore.framework in Frameworks */ = {isa = PBXBuildFile; fileRef = CDDFB1251B39115600DF1D5B /* QuartzCore.framework */; };
		CDDFB1281B39116200DF1D5B /* Accelerate.framework in Frameworks */ = {isa = PBXBuildFile; fileRef = CDDFB1271B39116200DF1D5B /* Accelerate.framework */; };
/* End PBXBuildFile section */

/* Begin PBXFileReference section */
		5305EB6C1BE53D1700155825 /* FBSDKCoreKit.framework */ = {isa = PBXFileReference; lastKnownFileType = wrapper.framework; name = FBSDKCoreKit.framework; path = ../../FacebookSDK/FBSDKCoreKit.framework; sourceTree = "<group>"; };
		5305EB6D1BE53D1700155825 /* FBSDKLoginKit.framework */ = {isa = PBXFileReference; lastKnownFileType = wrapper.framework; name = FBSDKLoginKit.framework; path = ../../FacebookSDK/FBSDKLoginKit.framework; sourceTree = "<group>"; };
		5305EB6E1BE53D1700155825 /* FBSDKShareKit.framework */ = {isa = PBXFileReference; lastKnownFileType = wrapper.framework; name = FBSDKShareKit.framework; path = ../../FacebookSDK/FBSDKShareKit.framework; sourceTree = "<group>"; };
		532B95411B5F00C2003B1D08 /* footprint_filled.png */ = {isa = PBXFileReference; lastKnownFileType = image.png; name = footprint_filled.png; path = images/footprint_filled.png; sourceTree = "<group>"; };
		532B95421B5F00C2003B1D08 /* footprint_filled@2x.png */ = {isa = PBXFileReference; lastKnownFileType = image.png; name = "footprint_filled@2x.png"; path = "images/footprint_filled@2x.png"; sourceTree = "<group>"; };
		532B95431B5F00C2003B1D08 /* library_filled.png */ = {isa = PBXFileReference; lastKnownFileType = image.png; name = library_filled.png; path = images/library_filled.png; sourceTree = "<group>"; };
		532B95441B5F00C2003B1D08 /* library_filled@2x.png */ = {isa = PBXFileReference; lastKnownFileType = image.png; name = "library_filled@2x.png"; path = "images/library_filled@2x.png"; sourceTree = "<group>"; };
		532B95451B5F00C2003B1D08 /* running_filled.png */ = {isa = PBXFileReference; lastKnownFileType = image.png; name = running_filled.png; path = images/running_filled.png; sourceTree = "<group>"; };
		532B95461B5F00C2003B1D08 /* running_filled@2x.png */ = {isa = PBXFileReference; lastKnownFileType = image.png; name = "running_filled@2x.png"; path = "images/running_filled@2x.png"; sourceTree = "<group>"; };
		532B95471B5F00C2003B1D08 /* settings_filled.png */ = {isa = PBXFileReference; lastKnownFileType = image.png; name = settings_filled.png; path = images/settings_filled.png; sourceTree = "<group>"; };
		532B95481B5F00C2003B1D08 /* settings_filled@2x.png */ = {isa = PBXFileReference; lastKnownFileType = image.png; name = "settings_filled@2x.png"; path = "images/settings_filled@2x.png"; sourceTree = "<group>"; };
		532B95511B5F00FF003B1D08 /* clock_filled.png */ = {isa = PBXFileReference; lastKnownFileType = image.png; name = clock_filled.png; path = images/clock_filled.png; sourceTree = "<group>"; };
		532B95521B5F00FF003B1D08 /* clock_filled@2x.png */ = {isa = PBXFileReference; lastKnownFileType = image.png; name = "clock_filled@2x.png"; path = "images/clock_filled@2x.png"; sourceTree = "<group>"; };
		532B95561B5F378A003B1D08 /* DSSymptomTableViewCell.h */ = {isa = PBXFileReference; fileEncoding = 4; lastKnownFileType = sourcecode.c.h; path = DSSymptomTableViewCell.h; sourceTree = "<group>"; };
		532B95571B5F378A003B1D08 /* DSSymptomTableViewCell.m */ = {isa = PBXFileReference; fileEncoding = 4; lastKnownFileType = sourcecode.c.objc; path = DSSymptomTableViewCell.m; sourceTree = "<group>"; };
		532B955B1B5F3950003B1D08 /* DSSymptom.h */ = {isa = PBXFileReference; fileEncoding = 4; lastKnownFileType = sourcecode.c.h; path = DSSymptom.h; sourceTree = "<group>"; };
		532B955C1B5F3950003B1D08 /* DSSymptom.m */ = {isa = PBXFileReference; fileEncoding = 4; lastKnownFileType = sourcecode.c.objc; path = DSSymptom.m; sourceTree = "<group>"; };
		532B95601B5F4582003B1D08 /* DSInformationDetailViewController.h */ = {isa = PBXFileReference; fileEncoding = 4; lastKnownFileType = sourcecode.c.h; path = DSInformationDetailViewController.h; sourceTree = "<group>"; };
		532B95611B5F4582003B1D08 /* DSInformationDetailViewController.m */ = {isa = PBXFileReference; fileEncoding = 4; lastKnownFileType = sourcecode.c.objc; path = DSInformationDetailViewController.m; sourceTree = "<group>"; };
		535282251BE5418500A675F8 /* Bolts.framework */ = {isa = PBXFileReference; lastKnownFileType = wrapper.framework; name = Bolts.framework; path = ../../Parse/Bolts.framework; sourceTree = "<group>"; };
		535282261BE5418500A675F8 /* Parse.framework */ = {isa = PBXFileReference; lastKnownFileType = wrapper.framework; name = Parse.framework; path = ../../Parse/Parse.framework; sourceTree = "<group>"; };
		535282291BE5418500A675F8 /* ParseFacebookUtilsV4.framework */ = {isa = PBXFileReference; lastKnownFileType = wrapper.framework; name = ParseFacebookUtilsV4.framework; path = ../../Parse/ParseFacebookUtilsV4.framework; sourceTree = "<group>"; };
		535282311BE545EB00A675F8 /* DSLoginViewController.h */ = {isa = PBXFileReference; fileEncoding = 4; lastKnownFileType = sourcecode.c.h; path = DSLoginViewController.h; sourceTree = "<group>"; };
		535282321BE545EB00A675F8 /* DSLoginViewController.m */ = {isa = PBXFileReference; fileEncoding = 4; lastKnownFileType = sourcecode.c.objc; path = DSLoginViewController.m; sourceTree = "<group>"; };
		535282341BE549A000A675F8 /* CoreData.framework */ = {isa = PBXFileReference; lastKnownFileType = wrapper.framework; name = CoreData.framework; path = System/Library/Frameworks/CoreData.framework; sourceTree = SDKROOT; };
		535282361BE549B400A675F8 /* CoreLocation.framework */ = {isa = PBXFileReference; lastKnownFileType = wrapper.framework; name = CoreLocation.framework; path = System/Library/Frameworks/CoreLocation.framework; sourceTree = SDKROOT; };
		535282381BE549BA00A675F8 /* UIKit.framework */ = {isa = PBXFileReference; lastKnownFileType = wrapper.framework; name = UIKit.framework; path = System/Library/Frameworks/UIKit.framework; sourceTree = SDKROOT; };
		535282451BE54D1400A675F8 /* libBean-iOS-OSX-SDK.a */ = {isa = PBXFileReference; lastKnownFileType = archive.ar; name = "libBean-iOS-OSX-SDK.a"; path = "Pods/../build/Release-iphoneos/libBean-iOS-OSX-SDK.a"; sourceTree = "<group>"; };
		535282481BE54D3100A675F8 /* libLFHeatMap.a */ = {isa = PBXFileReference; lastKnownFileType = archive.ar; name = libLFHeatMap.a; path = "Pods/../build/Release-iphoneos/libLFHeatMap.a"; sourceTree = "<group>"; };
		535282541BE5500700A675F8 /* StoreKit.framework */ = {isa = PBXFileReference; lastKnownFileType = wrapper.framework; name = StoreKit.framework; path = System/Library/Frameworks/StoreKit.framework; sourceTree = SDKROOT; };
		535282561BE5501200A675F8 /* CoreGraphics.framework */ = {isa = PBXFileReference; lastKnownFileType = wrapper.framework; name = CoreGraphics.framework; path = System/Library/Frameworks/CoreGraphics.framework; sourceTree = SDKROOT; };
		535282581BE5501F00A675F8 /* Foundation.framework */ = {isa = PBXFileReference; lastKnownFileType = wrapper.framework; name = Foundation.framework; path = System/Library/Frameworks/Foundation.framework; sourceTree = SDKROOT; };
		5352825A1BE5531500A675F8 /* libsqlite3.0.tbd */ = {isa = PBXFileReference; lastKnownFileType = "sourcecode.text-based-dylib-definition"; name = libsqlite3.0.tbd; path = usr/lib/libsqlite3.0.tbd; sourceTree = SDKROOT; };
		5352825C1BE5533600A675F8 /* Security.framework */ = {isa = PBXFileReference; lastKnownFileType = wrapper.framework; name = Security.framework; path = System/Library/Frameworks/Security.framework; sourceTree = SDKROOT; };
		5352825E1BE5535D00A675F8 /* AudioToolbox.framework */ = {isa = PBXFileReference; lastKnownFileType = wrapper.framework; name = AudioToolbox.framework; path = System/Library/Frameworks/AudioToolbox.framework; sourceTree = SDKROOT; };
		535282601BE5536800A675F8 /* libz.1.1.3.tbd */ = {isa = PBXFileReference; lastKnownFileType = "sourcecode.text-based-dylib-definition"; name = libz.1.1.3.tbd; path = usr/lib/libz.1.1.3.tbd; sourceTree = SDKROOT; };
		535282621BE5537600A675F8 /* SystemConfiguration.framework */ = {isa = PBXFileReference; lastKnownFileType = wrapper.framework; name = SystemConfiguration.framework; path = System/Library/Frameworks/SystemConfiguration.framework; sourceTree = SDKROOT; };
		535282641BE5537E00A675F8 /* MobileCoreServices.framework */ = {isa = PBXFileReference; lastKnownFileType = wrapper.framework; name = MobileCoreServices.framework; path = System/Library/Frameworks/MobileCoreServices.framework; sourceTree = SDKROOT; };
		535468AF1B596108001D66E1 /* Coordinates.plist */ = {isa = PBXFileReference; fileEncoding = 4; lastKnownFileType = text.plist.xml; path = Coordinates.plist; sourceTree = "<group>"; };
		535468B31B5968E6001D66E1 /* DSAppConstants.h */ = {isa = PBXFileReference; fileEncoding = 4; lastKnownFileType = sourcecode.c.h; path = DSAppConstants.h; sourceTree = "<group>"; };
		535468B41B5968E6001D66E1 /* DSAppConstants.m */ = {isa = PBXFileReference; fileEncoding = 4; lastKnownFileType = sourcecode.c.objc; path = DSAppConstants.m; sourceTree = "<group>"; };
		535468BE1B59DAA8001D66E1 /* foot_image.png */ = {isa = PBXFileReference; lastKnownFileType = image.png; name = foot_image.png; path = images/foot_image.png; sourceTree = "<group>"; };
		53612AC51B51D0CF002D7690 /* DSData.h */ = {isa = PBXFileReference; fileEncoding = 4; lastKnownFileType = sourcecode.c.h; path = DSData.h; sourceTree = "<group>"; };
		53612AC61B51D0CF002D7690 /* DSData.m */ = {isa = PBXFileReference; fileEncoding = 4; lastKnownFileType = sourcecode.c.objc; path = DSData.m; sourceTree = "<group>"; };
		5364FAFE1BE6D177003BA58B /* Base */ = {isa = PBXFileReference; lastKnownFileType = file.storyboard; name = Base; path = Base.lproj/Main.storyboard; sourceTree = "<group>"; };
		5364FB001BE6EED9003BA58B /* ParseUI.framework */ = {isa = PBXFileReference; lastKnownFileType = wrapper.framework; name = ParseUI.framework; path = ../../Parse/ParseUI.framework; sourceTree = "<group>"; };
		53D26BFB1BE56D8D00929D1D /* DSStatisticsViewController.h */ = {isa = PBXFileReference; fileEncoding = 4; lastKnownFileType = sourcecode.c.h; path = DSStatisticsViewController.h; sourceTree = "<group>"; };
		53D26BFC1BE56D8D00929D1D /* DSStatisticsViewController.m */ = {isa = PBXFileReference; fileEncoding = 4; lastKnownFileType = sourcecode.c.objc; path = DSStatisticsViewController.m; sourceTree = "<group>"; };
		53DBA6401B74511600F1BC64 /* app_logo_58_58.png */ = {isa = PBXFileReference; lastKnownFileType = image.png; name = app_logo_58_58.png; path = images/app_logo_58_58.png; sourceTree = "<group>"; };
		53DBA6411B74511600F1BC64 /* app_logo_80_80.png */ = {isa = PBXFileReference; lastKnownFileType = image.png; name = app_logo_80_80.png; path = images/app_logo_80_80.png; sourceTree = "<group>"; };
		53DBA6421B74511600F1BC64 /* app_logo_120_120.png */ = {isa = PBXFileReference; lastKnownFileType = image.png; name = app_logo_120_120.png; path = images/app_logo_120_120.png; sourceTree = "<group>"; };
		53DBA6431B74511600F1BC64 /* app_logo_180_180.png */ = {isa = PBXFileReference; lastKnownFileType = image.png; name = app_logo_180_180.png; path = images/app_logo_180_180.png; sourceTree = "<group>"; };
		53DBA6441B74511600F1BC64 /* app_logo_original.png */ = {isa = PBXFileReference; lastKnownFileType = image.png; name = app_logo_original.png; path = images/app_logo_original.png; sourceTree = "<group>"; };
		9E5682A54B82EF61D63EB688 /* Pods.debug.xcconfig */ = {isa = PBXFileReference; includeInIndex = 1; lastKnownFileType = text.xcconfig; name = Pods.debug.xcconfig; path = "Pods/Target Support Files/Pods/Pods.debug.xcconfig"; sourceTree = "<group>"; };
		CD12CB5C1B385D55004F3AB7 /* DSInformationViewController.h */ = {isa = PBXFileReference; fileEncoding = 4; lastKnownFileType = sourcecode.c.h; path = DSInformationViewController.h; sourceTree = "<group>"; };
		CD12CB5D1B385D55004F3AB7 /* DSInformationViewController.m */ = {isa = PBXFileReference; fileEncoding = 4; lastKnownFileType = sourcecode.c.objc; path = DSInformationViewController.m; sourceTree = "<group>"; };
		CD16E7AE1B24FBC50071E1CF /* Dr. Step.app */ = {isa = PBXFileReference; explicitFileType = wrapper.application; includeInIndex = 0; path = "Dr. Step.app"; sourceTree = BUILT_PRODUCTS_DIR; };
		CD16E7B21B24FBC50071E1CF /* Info.plist */ = {isa = PBXFileReference; lastKnownFileType = text.plist.xml; path = Info.plist; sourceTree = "<group>"; };
		CD16E7B31B24FBC50071E1CF /* main.m */ = {isa = PBXFileReference; lastKnownFileType = sourcecode.c.objc; path = main.m; sourceTree = "<group>"; };
		CD16E7B51B24FBC50071E1CF /* DSAppDelegate.h */ = {isa = PBXFileReference; lastKnownFileType = sourcecode.c.h; path = DSAppDelegate.h; sourceTree = "<group>"; };
		CD16E7B61B24FBC50071E1CF /* DSAppDelegate.m */ = {isa = PBXFileReference; lastKnownFileType = sourcecode.c.objc; path = DSAppDelegate.m; sourceTree = "<group>"; };
		CD16E7B81B24FBC50071E1CF /* DSRealtimeViewController.h */ = {isa = PBXFileReference; lastKnownFileType = sourcecode.c.h; path = DSRealtimeViewController.h; sourceTree = "<group>"; };
		CD16E7B91B24FBC50071E1CF /* DSRealtimeViewController.m */ = {isa = PBXFileReference; lastKnownFileType = sourcecode.c.objc; path = DSRealtimeViewController.m; sourceTree = "<group>"; };
		CD16E7C11B24FBC50071E1CF /* Images.xcassets */ = {isa = PBXFileReference; lastKnownFileType = folder.assetcatalog; path = Images.xcassets; sourceTree = "<group>"; };
		CDA9D55E1B4DE49100C3170F /* DSSettingsTableViewController.h */ = {isa = PBXFileReference; fileEncoding = 4; lastKnownFileType = sourcecode.c.h; path = DSSettingsTableViewController.h; sourceTree = "<group>"; };
		CDA9D55F1B4DE49100C3170F /* DSSettingsTableViewController.m */ = {isa = PBXFileReference; fileEncoding = 4; lastKnownFileType = sourcecode.c.objc; path = DSSettingsTableViewController.m; sourceTree = "<group>"; };
		CDA9D5681B4DF61D00C3170F /* DSBlueBeanTableViewController.h */ = {isa = PBXFileReference; fileEncoding = 4; lastKnownFileType = sourcecode.c.h; path = DSBlueBeanTableViewController.h; sourceTree = "<group>"; };
		CDA9D5691B4DF61D00C3170F /* DSBlueBeanTableViewController.m */ = {isa = PBXFileReference; fileEncoding = 4; lastKnownFileType = sourcecode.c.objc; path = DSBlueBeanTableViewController.m; sourceTree = "<group>"; };
		CDA9D56D1B4DFA1E00C3170F /* DSBlueBeanTableViewCell.h */ = {isa = PBXFileReference; fileEncoding = 4; lastKnownFileType = sourcecode.c.h; path = DSBlueBeanTableViewCell.h; sourceTree = "<group>"; };
		CDA9D56E1B4DFA1E00C3170F /* DSBlueBeanTableViewCell.m */ = {isa = PBXFileReference; fileEncoding = 4; lastKnownFileType = sourcecode.c.objc; path = DSBlueBeanTableViewCell.m; sourceTree = "<group>"; };
		CDA9D5771B4E127F00C3170F /* DSBlueBeanConnector.h */ = {isa = PBXFileReference; fileEncoding = 4; lastKnownFileType = sourcecode.c.h; path = DSBlueBeanConnector.h; sourceTree = "<group>"; };
		CDA9D5781B4E127F00C3170F /* DSBlueBeanConnector.m */ = {isa = PBXFileReference; fileEncoding = 4; lastKnownFileType = sourcecode.c.objc; path = DSBlueBeanConnector.m; sourceTree = "<group>"; };
		CDA9D5A01B4E229000C3170F /* app_launch_screen_640_960.png */ = {isa = PBXFileReference; lastKnownFileType = image.png; name = app_launch_screen_640_960.png; path = images/app_launch_screen_640_960.png; sourceTree = "<group>"; };
		CDA9D5B21B4E241C00C3170F /* app_launch_screen_640_1136.png */ = {isa = PBXFileReference; lastKnownFileType = image.png; name = app_launch_screen_640_1136.png; path = images/app_launch_screen_640_1136.png; sourceTree = "<group>"; };
		CDA9D5B41B4E257F00C3170F /* LaunchScreen.xib */ = {isa = PBXFileReference; fileEncoding = 4; lastKnownFileType = file.xib; path = LaunchScreen.xib; sourceTree = "<group>"; };
		CDDFB1251B39115600DF1D5B /* QuartzCore.framework */ = {isa = PBXFileReference; lastKnownFileType = wrapper.framework; name = QuartzCore.framework; path = System/Library/Frameworks/QuartzCore.framework; sourceTree = SDKROOT; };
		CDDFB1271B39116200DF1D5B /* Accelerate.framework */ = {isa = PBXFileReference; lastKnownFileType = wrapper.framework; name = Accelerate.framework; path = System/Library/Frameworks/Accelerate.framework; sourceTree = SDKROOT; };
		CE87C6738105A298299325A5 /* Pods.release.xcconfig */ = {isa = PBXFileReference; includeInIndex = 1; lastKnownFileType = text.xcconfig; name = Pods.release.xcconfig; path = "Pods/Target Support Files/Pods/Pods.release.xcconfig"; sourceTree = "<group>"; };
/* End PBXFileReference section */

/* Begin PBXFrameworksBuildPhase section */
		CD16E7AB1B24FBC50071E1CF /* Frameworks */ = {
			isa = PBXFrameworksBuildPhase;
			buildActionMask = 2147483647;
			files = (
				535282611BE5536800A675F8 /* libz.1.1.3.tbd in Frameworks */,
				5352825B1BE5531500A675F8 /* libsqlite3.0.tbd in Frameworks */,
				535282461BE54D1400A675F8 /* libBean-iOS-OSX-SDK.a in Frameworks */,
				5352824B1BE54D3100A675F8 /* libLFHeatMap.a in Frameworks */,
				5352825F1BE5535D00A675F8 /* AudioToolbox.framework in Frameworks */,
				535282371BE549B400A675F8 /* CoreLocation.framework in Frameworks */,
				535282571BE5501200A675F8 /* CoreGraphics.framework in Frameworks */,
				5305EB6F1BE53D1700155825 /* FBSDKCoreKit.framework in Frameworks */,
				5305EB701BE53D1700155825 /* FBSDKLoginKit.framework in Frameworks */,
				5305EB711BE53D1700155825 /* FBSDKShareKit.framework in Frameworks */,
				535282651BE5537E00A675F8 /* MobileCoreServices.framework in Frameworks */,
				535282631BE5537600A675F8 /* SystemConfiguration.framework in Frameworks */,
				CDDFB1261B39115600DF1D5B /* QuartzCore.framework in Frameworks */,
				535282551BE5500700A675F8 /* StoreKit.framework in Frameworks */,
				5352825D1BE5533600A675F8 /* Security.framework in Frameworks */,
				CDDFB1281B39116200DF1D5B /* Accelerate.framework in Frameworks */,
				535282501BE54E9F00A675F8 /* Parse.framework in Frameworks */,
				535282521BE54E9F00A675F8 /* ParseFacebookUtilsV4.framework in Frameworks */,
				5364FB011BE6EED9003BA58B /* ParseUI.framework in Frameworks */,
				535282351BE549A000A675F8 /* CoreData.framework in Frameworks */,
				535282391BE549BA00A675F8 /* UIKit.framework in Frameworks */,
				535282591BE5501F00A675F8 /* Foundation.framework in Frameworks */,
				5352824F1BE54E9F00A675F8 /* Bolts.framework in Frameworks */,
			);
			runOnlyForDeploymentPostprocessing = 0;
		};
/* End PBXFrameworksBuildPhase section */

/* Begin PBXGroup section */
		2A4A5036ED7CD161CFDEB183 /* Pods */ = {
			isa = PBXGroup;
			children = (
				9E5682A54B82EF61D63EB688 /* Pods.debug.xcconfig */,
				CE87C6738105A298299325A5 /* Pods.release.xcconfig */,
			);
			name = Pods;
			sourceTree = "<group>";
		};
		7377D6F3ACB1645A58B7499C /* Frameworks */ = {
			isa = PBXGroup;
			children = (
				5364FB001BE6EED9003BA58B /* ParseUI.framework */,
				535282641BE5537E00A675F8 /* MobileCoreServices.framework */,
				535282621BE5537600A675F8 /* SystemConfiguration.framework */,
				535282601BE5536800A675F8 /* libz.1.1.3.tbd */,
				5352825E1BE5535D00A675F8 /* AudioToolbox.framework */,
				5352825C1BE5533600A675F8 /* Security.framework */,
				5352825A1BE5531500A675F8 /* libsqlite3.0.tbd */,
				535282581BE5501F00A675F8 /* Foundation.framework */,
				535282561BE5501200A675F8 /* CoreGraphics.framework */,
				535282541BE5500700A675F8 /* StoreKit.framework */,
				535282481BE54D3100A675F8 /* libLFHeatMap.a */,
				535282451BE54D1400A675F8 /* libBean-iOS-OSX-SDK.a */,
				535282381BE549BA00A675F8 /* UIKit.framework */,
				535282361BE549B400A675F8 /* CoreLocation.framework */,
				535282341BE549A000A675F8 /* CoreData.framework */,
				535282251BE5418500A675F8 /* Bolts.framework */,
				535282261BE5418500A675F8 /* Parse.framework */,
				535282291BE5418500A675F8 /* ParseFacebookUtilsV4.framework */,
				5305EB6C1BE53D1700155825 /* FBSDKCoreKit.framework */,
				5305EB6D1BE53D1700155825 /* FBSDKLoginKit.framework */,
				5305EB6E1BE53D1700155825 /* FBSDKShareKit.framework */,
			);
			name = Frameworks;
			sourceTree = "<group>";
		};
		CD16E7A51B24FBC50071E1CF = {
			isa = PBXGroup;
			children = (
				CDDFB1271B39116200DF1D5B /* Accelerate.framework */,
				CDDFB1251B39115600DF1D5B /* QuartzCore.framework */,
				CD16E7B01B24FBC50071E1CF /* DrStep */,
				CD16E7AF1B24FBC50071E1CF /* Products */,
				2A4A5036ED7CD161CFDEB183 /* Pods */,
				7377D6F3ACB1645A58B7499C /* Frameworks */,
			);
			sourceTree = "<group>";
		};
		CD16E7AF1B24FBC50071E1CF /* Products */ = {
			isa = PBXGroup;
			children = (
				CD16E7AE1B24FBC50071E1CF /* Dr. Step.app */,
			);
			name = Products;
			sourceTree = "<group>";
		};
		CD16E7B01B24FBC50071E1CF /* DrStep */ = {
			isa = PBXGroup;
			children = (
				CDA9D5891B4E1E8E00C3170F /* images */,
				535468B31B5968E6001D66E1 /* DSAppConstants.h */,
				535468B41B5968E6001D66E1 /* DSAppConstants.m */,
				CD16E7B51B24FBC50071E1CF /* DSAppDelegate.h */,
				CD16E7B61B24FBC50071E1CF /* DSAppDelegate.m */,
				CDA9D5771B4E127F00C3170F /* DSBlueBeanConnector.h */,
				CDA9D5781B4E127F00C3170F /* DSBlueBeanConnector.m */,
				CDA9D56D1B4DFA1E00C3170F /* DSBlueBeanTableViewCell.h */,
				CDA9D56E1B4DFA1E00C3170F /* DSBlueBeanTableViewCell.m */,
				CDA9D5681B4DF61D00C3170F /* DSBlueBeanTableViewController.h */,
				CDA9D5691B4DF61D00C3170F /* DSBlueBeanTableViewController.m */,
				53612AC51B51D0CF002D7690 /* DSData.h */,
				53612AC61B51D0CF002D7690 /* DSData.m */,
				CD12CB5C1B385D55004F3AB7 /* DSInformationViewController.h */,
				CD12CB5D1B385D55004F3AB7 /* DSInformationViewController.m */,
				532B95601B5F4582003B1D08 /* DSInformationDetailViewController.h */,
				532B95611B5F4582003B1D08 /* DSInformationDetailViewController.m */,
				535282311BE545EB00A675F8 /* DSLoginViewController.h */,
				535282321BE545EB00A675F8 /* DSLoginViewController.m */,
				CD16E7B81B24FBC50071E1CF /* DSRealtimeViewController.h */,
				CD16E7B91B24FBC50071E1CF /* DSRealtimeViewController.m */,
				CDA9D55E1B4DE49100C3170F /* DSSettingsTableViewController.h */,
				CDA9D55F1B4DE49100C3170F /* DSSettingsTableViewController.m */,
				53D26BFB1BE56D8D00929D1D /* DSStatisticsViewController.h */,
				53D26BFC1BE56D8D00929D1D /* DSStatisticsViewController.m */,
				532B955B1B5F3950003B1D08 /* DSSymptom.h */,
				532B955C1B5F3950003B1D08 /* DSSymptom.m */,
				532B95561B5F378A003B1D08 /* DSSymptomTableViewCell.h */,
				532B95571B5F378A003B1D08 /* DSSymptomTableViewCell.m */,
				CD16E7C11B24FBC50071E1CF /* Images.xcassets */,
				CD16E7B11B24FBC50071E1CF /* Supporting Files */,
				5364FAFD1BE6D177003BA58B /* Main.storyboard */,
				CDA9D5B41B4E257F00C3170F /* LaunchScreen.xib */,
				535468AF1B596108001D66E1 /* Coordinates.plist */,
			);
			path = DrStep;
			sourceTree = "<group>";
		};
		CD16E7B11B24FBC50071E1CF /* Supporting Files */ = {
			isa = PBXGroup;
			children = (
				CD16E7B21B24FBC50071E1CF /* Info.plist */,
				CD16E7B31B24FBC50071E1CF /* main.m */,
			);
			name = "Supporting Files";
			sourceTree = "<group>";
		};
		CDA9D5891B4E1E8E00C3170F /* images */ = {
			isa = PBXGroup;
			children = (
				CDA9D5A01B4E229000C3170F /* app_launch_screen_640_960.png */,
				CDA9D5B21B4E241C00C3170F /* app_launch_screen_640_1136.png */,
				535468BE1B59DAA8001D66E1 /* foot_image.png */,
				CDA9D5BE1B4E264900C3170F /* icons */,
			);
			name = images;
			sourceTree = "<group>";
		};
		CDA9D5BE1B4E264900C3170F /* icons */ = {
			isa = PBXGroup;
			children = (
				53DBA6401B74511600F1BC64 /* app_logo_58_58.png */,
				53DBA6411B74511600F1BC64 /* app_logo_80_80.png */,
				53DBA6421B74511600F1BC64 /* app_logo_120_120.png */,
				53DBA6431B74511600F1BC64 /* app_logo_180_180.png */,
				53DBA6441B74511600F1BC64 /* app_logo_original.png */,
				532B95511B5F00FF003B1D08 /* clock_filled.png */,
				532B95521B5F00FF003B1D08 /* clock_filled@2x.png */,
				532B95411B5F00C2003B1D08 /* footprint_filled.png */,
				532B95421B5F00C2003B1D08 /* footprint_filled@2x.png */,
				532B95431B5F00C2003B1D08 /* library_filled.png */,
				532B95441B5F00C2003B1D08 /* library_filled@2x.png */,
				532B95451B5F00C2003B1D08 /* running_filled.png */,
				532B95461B5F00C2003B1D08 /* running_filled@2x.png */,
				532B95471B5F00C2003B1D08 /* settings_filled.png */,
				532B95481B5F00C2003B1D08 /* settings_filled@2x.png */,
			);
			name = icons;
			sourceTree = "<group>";
		};
/* End PBXGroup section */

/* Begin PBXNativeTarget section */
		CD16E7AD1B24FBC50071E1CF /* DrStep */ = {
			isa = PBXNativeTarget;
			buildConfigurationList = CD16E7D41B24FBC50071E1CF /* Build configuration list for PBXNativeTarget "DrStep" */;
			buildPhases = (
				FF95A157A58F1092B1B9936C /* Check Pods Manifest.lock */,
				CD16E7AA1B24FBC50071E1CF /* Sources */,
				CD16E7AB1B24FBC50071E1CF /* Frameworks */,
				CD16E7AC1B24FBC50071E1CF /* Resources */,
				1732C5B8F5FE562172883E2C /* Copy Pods Resources */,
				5BD77F4D9124E0BBC1F46659 /* Embed Pods Frameworks */,
			);
			buildRules = (
			);
			dependencies = (
			);
			name = DrStep;
			productName = SmartSole;
			productReference = CD16E7AE1B24FBC50071E1CF /* Dr. Step.app */;
			productType = "com.apple.product-type.application";
		};
/* End PBXNativeTarget section */

/* Begin PBXProject section */
		CD16E7A61B24FBC50071E1CF /* Project object */ = {
			isa = PBXProject;
			attributes = {
				LastUpgradeCheck = 0700;
				TargetAttributes = {
					CD16E7AD1B24FBC50071E1CF = {
						CreatedOnToolsVersion = 6.3.2;
						DevelopmentTeam = EBY7449492;
						SystemCapabilities = {
							com.apple.GameCenter = {
								enabled = 0;
							};
						};
					};
				};
			};
			buildConfigurationList = CD16E7A91B24FBC50071E1CF /* Build configuration list for PBXProject "DrStep" */;
			compatibilityVersion = "Xcode 3.2";
			developmentRegion = English;
			hasScannedForEncodings = 0;
			knownRegions = (
				en,
				Base,
			);
			mainGroup = CD16E7A51B24FBC50071E1CF;
			productRefGroup = CD16E7AF1B24FBC50071E1CF /* Products */;
			projectDirPath = "";
			projectRoot = "";
			targets = (
				CD16E7AD1B24FBC50071E1CF /* DrStep */,
			);
		};
/* End PBXProject section */

/* Begin PBXResourcesBuildPhase section */
		CD16E7AC1B24FBC50071E1CF /* Resources */ = {
			isa = PBXResourcesBuildPhase;
			buildActionMask = 2147483647;
			files = (
				532B95541B5F00FF003B1D08 /* clock_filled@2x.png in Resources */,
				532B95501B5F00C2003B1D08 /* settings_filled@2x.png in Resources */,
				53DBA6491B74511600F1BC64 /* app_logo_original.png in Resources */,
				53DBA6451B74511600F1BC64 /* app_logo_58_58.png in Resources */,
				CDA9D5B51B4E257F00C3170F /* LaunchScreen.xib in Resources */,
				535468B01B596108001D66E1 /* Coordinates.plist in Resources */,
				53DBA6471B74511600F1BC64 /* app_logo_120_120.png in Resources */,
				532B954A1B5F00C2003B1D08 /* footprint_filled@2x.png in Resources */,
				535468BF1B59DAA8001D66E1 /* foot_image.png in Resources */,
				53DBA6461B74511600F1BC64 /* app_logo_80_80.png in Resources */,
				CDA9D5A91B4E229000C3170F /* app_launch_screen_640_960.png in Resources */,
				532B954C1B5F00C2003B1D08 /* library_filled@2x.png in Resources */,
				5364FAFF1BE6D177003BA58B /* Main.storyboard in Resources */,
				CDA9D5B31B4E241C00C3170F /* app_launch_screen_640_1136.png in Resources */,
				532B954B1B5F00C2003B1D08 /* library_filled.png in Resources */,
				532B95531B5F00FF003B1D08 /* clock_filled.png in Resources */,
				53DBA6481B74511600F1BC64 /* app_logo_180_180.png in Resources */,
				532B95491B5F00C2003B1D08 /* footprint_filled.png in Resources */,
				532B954F1B5F00C2003B1D08 /* settings_filled.png in Resources */,
				532B954D1B5F00C2003B1D08 /* running_filled.png in Resources */,
				532B954E1B5F00C2003B1D08 /* running_filled@2x.png in Resources */,
				CD16E7C21B24FBC50071E1CF /* Images.xcassets in Resources */,
			);
			runOnlyForDeploymentPostprocessing = 0;
		};
/* End PBXResourcesBuildPhase section */

/* Begin PBXShellScriptBuildPhase section */
		1732C5B8F5FE562172883E2C /* Copy Pods Resources */ = {
			isa = PBXShellScriptBuildPhase;
			buildActionMask = 2147483647;
			files = (
			);
			inputPaths = (
			);
			name = "Copy Pods Resources";
			outputPaths = (
			);
			runOnlyForDeploymentPostprocessing = 0;
			shellPath = /bin/sh;
			shellScript = "\"${SRCROOT}/Pods/Target Support Files/Pods/Pods-resources.sh\"\n";
			showEnvVarsInLog = 0;
		};
		5BD77F4D9124E0BBC1F46659 /* Embed Pods Frameworks */ = {
			isa = PBXShellScriptBuildPhase;
			buildActionMask = 2147483647;
			files = (
			);
			inputPaths = (
			);
			name = "Embed Pods Frameworks";
			outputPaths = (
			);
			runOnlyForDeploymentPostprocessing = 0;
			shellPath = /bin/sh;
			shellScript = "\"${SRCROOT}/Pods/Target Support Files/Pods/Pods-frameworks.sh\"\n";
			showEnvVarsInLog = 0;
		};
		FF95A157A58F1092B1B9936C /* Check Pods Manifest.lock */ = {
			isa = PBXShellScriptBuildPhase;
			buildActionMask = 2147483647;
			files = (
			);
			inputPaths = (
			);
			name = "Check Pods Manifest.lock";
			outputPaths = (
			);
			runOnlyForDeploymentPostprocessing = 0;
			shellPath = /bin/sh;
			shellScript = "diff \"${PODS_ROOT}/../Podfile.lock\" \"${PODS_ROOT}/Manifest.lock\" > /dev/null\nif [[ $? != 0 ]] ; then\n    cat << EOM\nerror: The sandbox is not in sync with the Podfile.lock. Run 'pod install' or update your CocoaPods installation.\nEOM\n    exit 1\nfi\n";
			showEnvVarsInLog = 0;
		};
/* End PBXShellScriptBuildPhase section */

/* Begin PBXSourcesBuildPhase section */
		CD16E7AA1B24FBC50071E1CF /* Sources */ = {
			isa = PBXSourcesBuildPhase;
			buildActionMask = 2147483647;
			files = (
				535282331BE545EB00A675F8 /* DSLoginViewController.m in Sources */,
				53D26BFD1BE56D8D00929D1D /* DSStatisticsViewController.m in Sources */,
				CDA9D56F1B4DFA1E00C3170F /* DSBlueBeanTableViewCell.m in Sources */,
				CDA9D5601B4DE49100C3170F /* DSSettingsTableViewController.m in Sources */,
				CDA9D56A1B4DF61D00C3170F /* DSBlueBeanTableViewController.m in Sources */,
				532B955D1B5F3950003B1D08 /* DSSymptom.m in Sources */,
				CDA9D5791B4E127F00C3170F /* DSBlueBeanConnector.m in Sources */,
				532B95621B5F4583003B1D08 /* DSInformationDetailViewController.m in Sources */,
				CD16E7B71B24FBC50071E1CF /* DSAppDelegate.m in Sources */,
				532B95581B5F378A003B1D08 /* DSSymptomTableViewCell.m in Sources */,
				CD16E7BA1B24FBC50071E1CF /* DSRealtimeViewController.m in Sources */,
				CD12CB5E1B385D55004F3AB7 /* DSInformationViewController.m in Sources */,
				CD16E7B41B24FBC50071E1CF /* main.m in Sources */,
				535468B51B5968E6001D66E1 /* DSAppConstants.m in Sources */,
				53612AC71B51D0CF002D7690 /* DSData.m in Sources */,
			);
			runOnlyForDeploymentPostprocessing = 0;
		};
/* End PBXSourcesBuildPhase section */

/* Begin PBXVariantGroup section */
		5364FAFD1BE6D177003BA58B /* Main.storyboard */ = {
			isa = PBXVariantGroup;
			children = (
				5364FAFE1BE6D177003BA58B /* Base */,
			);
			name = Main.storyboard;
			sourceTree = "<group>";
		};
/* End PBXVariantGroup section */

/* Begin XCBuildConfiguration section */
		CD16E7D21B24FBC50071E1CF /* Debug */ = {
			isa = XCBuildConfiguration;
			buildSettings = {
				ALWAYS_SEARCH_USER_PATHS = NO;
				CLANG_CXX_LANGUAGE_STANDARD = "gnu++0x";
				CLANG_CXX_LIBRARY = "libc++";
				CLANG_ENABLE_MODULES = YES;
				CLANG_ENABLE_OBJC_ARC = YES;
				CLANG_WARN_BOOL_CONVERSION = YES;
				CLANG_WARN_CONSTANT_CONVERSION = YES;
				CLANG_WARN_DIRECT_OBJC_ISA_USAGE = YES_ERROR;
				CLANG_WARN_EMPTY_BODY = YES;
				CLANG_WARN_ENUM_CONVERSION = YES;
				CLANG_WARN_INT_CONVERSION = YES;
				CLANG_WARN_OBJC_ROOT_CLASS = YES_ERROR;
				CLANG_WARN_UNREACHABLE_CODE = YES;
				CLANG_WARN__DUPLICATE_METHOD_MATCH = YES;
				"CODE_SIGN_IDENTITY[sdk=iphoneos*]" = "iPhone Developer";
				COPY_PHASE_STRIP = NO;
				DEBUG_INFORMATION_FORMAT = "dwarf-with-dsym";
				ENABLE_STRICT_OBJC_MSGSEND = YES;
				ENABLE_TESTABILITY = YES;
				GCC_C_LANGUAGE_STANDARD = gnu99;
				GCC_DYNAMIC_NO_PIC = NO;
				GCC_NO_COMMON_BLOCKS = YES;
				GCC_OPTIMIZATION_LEVEL = 0;
				GCC_PREPROCESSOR_DEFINITIONS = (
					"DEBUG=1",
					"$(inherited)",
				);
				GCC_SYMBOLS_PRIVATE_EXTERN = NO;
				GCC_WARN_64_TO_32_BIT_CONVERSION = YES;
				GCC_WARN_ABOUT_RETURN_TYPE = YES_ERROR;
				GCC_WARN_UNDECLARED_SELECTOR = YES;
				GCC_WARN_UNINITIALIZED_AUTOS = YES_AGGRESSIVE;
				GCC_WARN_UNUSED_FUNCTION = YES;
				GCC_WARN_UNUSED_VARIABLE = YES;
				IPHONEOS_DEPLOYMENT_TARGET = 9.1;
				MTL_ENABLE_DEBUG_INFO = YES;
				ONLY_ACTIVE_ARCH = YES;
				SDKROOT = iphoneos;
				TARGETED_DEVICE_FAMILY = "1,2";
			};
			name = Debug;
		};
		CD16E7D31B24FBC50071E1CF /* Release */ = {
			isa = XCBuildConfiguration;
			buildSettings = {
				ALWAYS_SEARCH_USER_PATHS = NO;
				CLANG_CXX_LANGUAGE_STANDARD = "gnu++0x";
				CLANG_CXX_LIBRARY = "libc++";
				CLANG_ENABLE_MODULES = YES;
				CLANG_ENABLE_OBJC_ARC = YES;
				CLANG_WARN_BOOL_CONVERSION = YES;
				CLANG_WARN_CONSTANT_CONVERSION = YES;
				CLANG_WARN_DIRECT_OBJC_ISA_USAGE = YES_ERROR;
				CLANG_WARN_EMPTY_BODY = YES;
				CLANG_WARN_ENUM_CONVERSION = YES;
				CLANG_WARN_INT_CONVERSION = YES;
				CLANG_WARN_OBJC_ROOT_CLASS = YES_ERROR;
				CLANG_WARN_UNREACHABLE_CODE = YES;
				CLANG_WARN__DUPLICATE_METHOD_MATCH = YES;
				"CODE_SIGN_IDENTITY[sdk=iphoneos*]" = "iPhone Developer";
				COPY_PHASE_STRIP = NO;
				DEBUG_INFORMATION_FORMAT = "dwarf-with-dsym";
				ENABLE_NS_ASSERTIONS = NO;
				ENABLE_STRICT_OBJC_MSGSEND = YES;
				GCC_C_LANGUAGE_STANDARD = gnu99;
				GCC_NO_COMMON_BLOCKS = YES;
				GCC_WARN_64_TO_32_BIT_CONVERSION = YES;
				GCC_WARN_ABOUT_RETURN_TYPE = YES_ERROR;
				GCC_WARN_UNDECLARED_SELECTOR = YES;
				GCC_WARN_UNINITIALIZED_AUTOS = YES_AGGRESSIVE;
				GCC_WARN_UNUSED_FUNCTION = YES;
				GCC_WARN_UNUSED_VARIABLE = YES;
				IPHONEOS_DEPLOYMENT_TARGET = 9.1;
				MTL_ENABLE_DEBUG_INFO = NO;
				SDKROOT = iphoneos;
				TARGETED_DEVICE_FAMILY = "1,2";
				VALIDATE_PRODUCT = YES;
			};
			name = Release;
		};
		CD16E7D51B24FBC50071E1CF /* Debug */ = {
			isa = XCBuildConfiguration;
			baseConfigurationReference = 9E5682A54B82EF61D63EB688 /* Pods.debug.xcconfig */;
			buildSettings = {
				ASSETCATALOG_COMPILER_APPICON_NAME = AppIcon;
				ASSETCATALOG_COMPILER_LAUNCHIMAGE_NAME = LaunchImage;
				CLANG_ALLOW_NON_MODULAR_INCLUDES_IN_FRAMEWORK_MODULES = YES;
				CLANG_ENABLE_OBJC_ARC = YES;
				CODE_SIGN_IDENTITY = "iPhone Developer";
				"CODE_SIGN_IDENTITY[sdk=iphoneos*]" = "iPhone Developer";
				ENABLE_BITCODE = NO;
				FRAMEWORK_SEARCH_PATHS = (
					/Users/juhwanjeong/Documents/FacebookSDK,
					/Users/juhwanjeong/Documents/Parse,
				);
				HEADER_SEARCH_PATHS = (
					"$(inherited)",
					/Applications/Xcode.app/Contents/Developer/Toolchains/XcodeDefault.xctoolchain/usr/include,
					"/Users/juhwanjeong/Documents/fydp-ios/core-plot-master/framework/**",
				);
				INFOPLIST_FILE = DrStep/Info.plist;
				IPHONEOS_DEPLOYMENT_TARGET = 9.1;
				LD_RUNPATH_SEARCH_PATHS = "$(inherited) @executable_path/Frameworks";
				LIBRARY_SEARCH_PATHS = "$(inherited)";
				ONLY_ACTIVE_ARCH = YES;
				OTHER_LDFLAGS = (
					"-ObjC",
					"$(inherited)",
				);
				PRODUCT_BUNDLE_IDENTIFIER = com.piezo.DrStep;
				PRODUCT_NAME = "Dr. Step";
				PROVISIONING_PROFILE = "";
				TARGETED_DEVICE_FAMILY = 1;
			};
			name = Debug;
		};
		CD16E7D61B24FBC50071E1CF /* Release */ = {
			isa = XCBuildConfiguration;
			baseConfigurationReference = CE87C6738105A298299325A5 /* Pods.release.xcconfig */;
			buildSettings = {
				ASSETCATALOG_COMPILER_APPICON_NAME = AppIcon;
				ASSETCATALOG_COMPILER_LAUNCHIMAGE_NAME = LaunchImage;
				CLANG_ALLOW_NON_MODULAR_INCLUDES_IN_FRAMEWORK_MODULES = YES;
				CLANG_ENABLE_OBJC_ARC = YES;
				CODE_SIGN_IDENTITY = "iPhone Developer";
				"CODE_SIGN_IDENTITY[sdk=iphoneos*]" = "iPhone Developer";
				ENABLE_BITCODE = NO;
				FRAMEWORK_SEARCH_PATHS = (
					/Users/juhwanjeong/Documents/FacebookSDK,
					/Users/juhwanjeong/Documents/Parse,
				);
				HEADER_SEARCH_PATHS = (
					"$(inherited)",
					/Applications/Xcode.app/Contents/Developer/Toolchains/XcodeDefault.xctoolchain/usr/include,
					"/Users/juhwanjeong/Documents/fydp-ios/core-plot-master/framework/**",
				);
				INFOPLIST_FILE = DrStep/Info.plist;
				IPHONEOS_DEPLOYMENT_TARGET = 9.1;
				LD_RUNPATH_SEARCH_PATHS = "$(inherited) @executable_path/Frameworks";
				LIBRARY_SEARCH_PATHS = "$(inherited)";
				OTHER_LDFLAGS = (
					"-ObjC",
					"$(inherited)",
				);
				PRODUCT_BUNDLE_IDENTIFIER = com.piezo.DrStep;
				PRODUCT_NAME = "Dr. Step";
				PROVISIONING_PROFILE = "";
				TARGETED_DEVICE_FAMILY = 1;
			};
			name = Release;
		};
/* End XCBuildConfiguration section */

/* Begin XCConfigurationList section */
		CD16E7A91B24FBC50071E1CF /* Build configuration list for PBXProject "DrStep" */ = {
			isa = XCConfigurationList;
			buildConfigurations = (
				CD16E7D21B24FBC50071E1CF /* Debug */,
				CD16E7D31B24FBC50071E1CF /* Release */,
			);
			defaultConfigurationIsVisible = 0;
			defaultConfigurationName = Release;
		};
		CD16E7D41B24FBC50071E1CF /* Build configuration list for PBXNativeTarget "DrStep" */ = {
			isa = XCConfigurationList;
			buildConfigurations = (
				CD16E7D51B24FBC50071E1CF /* Debug */,
				CD16E7D61B24FBC50071E1CF /* Release */,
			);
			defaultConfigurationIsVisible = 0;
			defaultConfigurationName = Release;
		};
/* End XCConfigurationList section */
	};
	rootObject = CD16E7A61B24FBC50071E1CF /* Project object */;
}
