// !$*UTF8*$!
{
	archiveVersion = 1;
	classes = {
	};
	objectVersion = 46;
	objects = {

/* Begin PBXBuildFile section */
		5315D8801B50F01200B56EA5 /* libCorePlot-CocoaTouch.a in Frameworks */ = {isa = PBXBuildFile; fileRef = CDDFB1201B390D2600DF1D5B /* libCorePlot-CocoaTouch.a */; };
		5315D8821B50F01600B56EA5 /* libPods-Bean-iOS-OSX-SDK.a in Frameworks */ = {isa = PBXBuildFile; fileRef = 5315D8811B50F01600B56EA5 /* libPods-Bean-iOS-OSX-SDK.a */; };
		53612AC71B51D0CF002D7690 /* BWData.m in Sources */ = {isa = PBXBuildFile; fileRef = 53612AC61B51D0CF002D7690 /* BWData.m */; };
		9CEFEF823DBD8E6C25B450E4 /* libPods.a in Frameworks */ = {isa = PBXBuildFile; fileRef = DF5B73B1D557B0CEC5618F1A /* libPods.a */; };
		CD12CB5E1B385D55004F3AB7 /* BWInformationViewController.m in Sources */ = {isa = PBXBuildFile; fileRef = CD12CB5D1B385D55004F3AB7 /* BWInformationViewController.m */; };
		CD16E7B41B24FBC50071E1CF /* main.m in Sources */ = {isa = PBXBuildFile; fileRef = CD16E7B31B24FBC50071E1CF /* main.m */; };
		CD16E7B71B24FBC50071E1CF /* BWAppDelegate.m in Sources */ = {isa = PBXBuildFile; fileRef = CD16E7B61B24FBC50071E1CF /* BWAppDelegate.m */; };
		CD16E7BA1B24FBC50071E1CF /* BWRealtimeViewController.m in Sources */ = {isa = PBXBuildFile; fileRef = CD16E7B91B24FBC50071E1CF /* BWRealtimeViewController.m */; };
		CD16E7BD1B24FBC50071E1CF /* BWHistoryViewController.m in Sources */ = {isa = PBXBuildFile; fileRef = CD16E7BC1B24FBC50071E1CF /* BWHistoryViewController.m */; };
		CD16E7C01B24FBC50071E1CF /* Main.storyboard in Resources */ = {isa = PBXBuildFile; fileRef = CD16E7BE1B24FBC50071E1CF /* Main.storyboard */; };
		CD16E7C21B24FBC50071E1CF /* Images.xcassets in Resources */ = {isa = PBXBuildFile; fileRef = CD16E7C11B24FBC50071E1CF /* Images.xcassets */; };
		CD16E7D11B24FBC50071E1CF /* SmartSoleTests.m in Sources */ = {isa = PBXBuildFile; fileRef = CD16E7D01B24FBC50071E1CF /* SmartSoleTests.m */; };
		CD16E7E71B2508DA0071E1CF /* BWHistoryGraphViewController.m in Sources */ = {isa = PBXBuildFile; fileRef = CD16E7E61B2508DA0071E1CF /* BWHistoryGraphViewController.m */; };
		CD7F378D1B378EA300C19A6E /* BWHistoryTableViewController.m in Sources */ = {isa = PBXBuildFile; fileRef = CD7F378C1B378EA300C19A6E /* BWHistoryTableViewController.m */; };
		CDA9D5601B4DE49100C3170F /* BWSettingsTableViewController.m in Sources */ = {isa = PBXBuildFile; fileRef = CDA9D55F1B4DE49100C3170F /* BWSettingsTableViewController.m */; };
		CDA9D56A1B4DF61D00C3170F /* BWBlueBeanTableViewController.m in Sources */ = {isa = PBXBuildFile; fileRef = CDA9D5691B4DF61D00C3170F /* BWBlueBeanTableViewController.m */; };
		CDA9D56F1B4DFA1E00C3170F /* BWBlueBeanTableViewCell.m in Sources */ = {isa = PBXBuildFile; fileRef = CDA9D56E1B4DFA1E00C3170F /* BWBlueBeanTableViewCell.m */; };
		CDA9D5791B4E127F00C3170F /* BWBlueBeanConnector.m in Sources */ = {isa = PBXBuildFile; fileRef = CDA9D5781B4E127F00C3170F /* BWBlueBeanConnector.m */; };
		CDA9D5A91B4E229000C3170F /* app_launch_screen_640_960.png in Resources */ = {isa = PBXBuildFile; fileRef = CDA9D5A01B4E229000C3170F /* app_launch_screen_640_960.png */; };
		CDA9D5AB1B4E229000C3170F /* bio_wear_logo_58_58.png in Resources */ = {isa = PBXBuildFile; fileRef = CDA9D5A21B4E229000C3170F /* bio_wear_logo_58_58.png */; };
		CDA9D5AC1B4E229000C3170F /* bio_wear_logo_80_80.png in Resources */ = {isa = PBXBuildFile; fileRef = CDA9D5A31B4E229000C3170F /* bio_wear_logo_80_80.png */; };
		CDA9D5AD1B4E229000C3170F /* bio_wear_logo_87_87.png in Resources */ = {isa = PBXBuildFile; fileRef = CDA9D5A41B4E229000C3170F /* bio_wear_logo_87_87.png */; };
		CDA9D5AE1B4E229000C3170F /* bio_wear_logo_120_120.png in Resources */ = {isa = PBXBuildFile; fileRef = CDA9D5A51B4E229000C3170F /* bio_wear_logo_120_120.png */; };
		CDA9D5AF1B4E229000C3170F /* bio_wear_logo_180_180.png in Resources */ = {isa = PBXBuildFile; fileRef = CDA9D5A61B4E229000C3170F /* bio_wear_logo_180_180.png */; };
		CDA9D5B01B4E229000C3170F /* bio_wear_logo_400_400.png in Resources */ = {isa = PBXBuildFile; fileRef = CDA9D5A71B4E229000C3170F /* bio_wear_logo_400_400.png */; };
		CDA9D5B11B4E229000C3170F /* bio_wear_logo.png in Resources */ = {isa = PBXBuildFile; fileRef = CDA9D5A81B4E229000C3170F /* bio_wear_logo.png */; };
		CDA9D5B31B4E241C00C3170F /* app_launch_screen_640_1136.png in Resources */ = {isa = PBXBuildFile; fileRef = CDA9D5B21B4E241C00C3170F /* app_launch_screen_640_1136.png */; };
		CDA9D5B51B4E257F00C3170F /* LaunchScreen.xib in Resources */ = {isa = PBXBuildFile; fileRef = CDA9D5B41B4E257F00C3170F /* LaunchScreen.xib */; };
		CDA9D5BA1B4E264200C3170F /* calendar_50.png in Resources */ = {isa = PBXBuildFile; fileRef = CDA9D5B61B4E264200C3170F /* calendar_50.png */; };
		CDA9D5BB1B4E264200C3170F /* human_footprint_50.png in Resources */ = {isa = PBXBuildFile; fileRef = CDA9D5B71B4E264200C3170F /* human_footprint_50.png */; };
		CDA9D5BC1B4E264200C3170F /* running_50.png in Resources */ = {isa = PBXBuildFile; fileRef = CDA9D5B81B4E264200C3170F /* running_50.png */; };
		CDA9D5BD1B4E264200C3170F /* settings_50.png in Resources */ = {isa = PBXBuildFile; fileRef = CDA9D5B91B4E264200C3170F /* settings_50.png */; };
		CDA9D5C31B4E271F00C3170F /* calendar_44.png in Resources */ = {isa = PBXBuildFile; fileRef = CDA9D5BF1B4E271F00C3170F /* calendar_44.png */; };
		CDA9D5C41B4E271F00C3170F /* human_footprint_44.png in Resources */ = {isa = PBXBuildFile; fileRef = CDA9D5C01B4E271F00C3170F /* human_footprint_44.png */; };
		CDA9D5C51B4E271F00C3170F /* running_44.png in Resources */ = {isa = PBXBuildFile; fileRef = CDA9D5C11B4E271F00C3170F /* running_44.png */; };
		CDA9D5C61B4E271F00C3170F /* settings_44.png in Resources */ = {isa = PBXBuildFile; fileRef = CDA9D5C21B4E271F00C3170F /* settings_44.png */; };
		CDA9D5CB1B4E284F00C3170F /* calendar_22.png in Resources */ = {isa = PBXBuildFile; fileRef = CDA9D5C71B4E284F00C3170F /* calendar_22.png */; };
		CDA9D5CC1B4E284F00C3170F /* human_footprint_22.png in Resources */ = {isa = PBXBuildFile; fileRef = CDA9D5C81B4E284F00C3170F /* human_footprint_22.png */; };
		CDA9D5CD1B4E284F00C3170F /* running_22.png in Resources */ = {isa = PBXBuildFile; fileRef = CDA9D5C91B4E284F00C3170F /* running_22.png */; };
		CDA9D5CE1B4E284F00C3170F /* settings_22.png in Resources */ = {isa = PBXBuildFile; fileRef = CDA9D5CA1B4E284F00C3170F /* settings_22.png */; };
		CDC422941B4F239900759210 /* BWBlueBean.m in Sources */ = {isa = PBXBuildFile; fileRef = CDC422931B4F239900759210 /* BWBlueBean.m */; };
		CDDFB1261B39115600DF1D5B /* QuartzCore.framework in Frameworks */ = {isa = PBXBuildFile; fileRef = CDDFB1251B39115600DF1D5B /* QuartzCore.framework */; };
		CDDFB1281B39116200DF1D5B /* Accelerate.framework in Frameworks */ = {isa = PBXBuildFile; fileRef = CDDFB1271B39116200DF1D5B /* Accelerate.framework */; };
/* End PBXBuildFile section */

/* Begin PBXContainerItemProxy section */
		CD16E7CB1B24FBC50071E1CF /* PBXContainerItemProxy */ = {
			isa = PBXContainerItemProxy;
			containerPortal = CD16E7A61B24FBC50071E1CF /* Project object */;
			proxyType = 1;
			remoteGlobalIDString = CD16E7AD1B24FBC50071E1CF;
			remoteInfo = SmartSole;
		};
		CDDFB11F1B390D2600DF1D5B /* PBXContainerItemProxy */ = {
			isa = PBXContainerItemProxy;
			containerPortal = CDDFB1191B390D2600DF1D5B /* CorePlot-CocoaTouch.xcodeproj */;
			proxyType = 2;
			remoteGlobalIDString = BC9B83470FB8A0A40035D8DA;
			remoteInfo = "CorePlot-CocoaTouch";
		};
		CDDFB1221B390DEB00DF1D5B /* PBXContainerItemProxy */ = {
			isa = PBXContainerItemProxy;
			containerPortal = CDDFB1191B390D2600DF1D5B /* CorePlot-CocoaTouch.xcodeproj */;
			proxyType = 1;
			remoteGlobalIDString = BC9B83460FB8A0A40035D8DA;
			remoteInfo = "CorePlot-CocoaTouch";
		};
/* End PBXContainerItemProxy section */

/* Begin PBXFileReference section */
		5315D8811B50F01600B56EA5 /* libPods-Bean-iOS-OSX-SDK.a */ = {isa = PBXFileReference; lastKnownFileType = archive.ar; name = "libPods-Bean-iOS-OSX-SDK.a"; path = "Pods/../build/Debug-iphoneos/libPods-Bean-iOS-OSX-SDK.a"; sourceTree = "<group>"; };
		53612AC51B51D0CF002D7690 /* BWData.h */ = {isa = PBXFileReference; fileEncoding = 4; lastKnownFileType = sourcecode.c.h; path = BWData.h; sourceTree = "<group>"; };
		53612AC61B51D0CF002D7690 /* BWData.m */ = {isa = PBXFileReference; fileEncoding = 4; lastKnownFileType = sourcecode.c.objc; path = BWData.m; sourceTree = "<group>"; };
		9E5682A54B82EF61D63EB688 /* Pods.debug.xcconfig */ = {isa = PBXFileReference; includeInIndex = 1; lastKnownFileType = text.xcconfig; name = Pods.debug.xcconfig; path = "Pods/Target Support Files/Pods/Pods.debug.xcconfig"; sourceTree = "<group>"; };
		CD12CB5C1B385D55004F3AB7 /* BWInformationViewController.h */ = {isa = PBXFileReference; fileEncoding = 4; lastKnownFileType = sourcecode.c.h; path = BWInformationViewController.h; sourceTree = "<group>"; };
		CD12CB5D1B385D55004F3AB7 /* BWInformationViewController.m */ = {isa = PBXFileReference; fileEncoding = 4; lastKnownFileType = sourcecode.c.objc; path = BWInformationViewController.m; sourceTree = "<group>"; };
		CD16E7AE1B24FBC50071E1CF /* BioWear.app */ = {isa = PBXFileReference; explicitFileType = wrapper.application; includeInIndex = 0; path = BioWear.app; sourceTree = BUILT_PRODUCTS_DIR; };
		CD16E7B21B24FBC50071E1CF /* Info.plist */ = {isa = PBXFileReference; lastKnownFileType = text.plist.xml; path = Info.plist; sourceTree = "<group>"; };
		CD16E7B31B24FBC50071E1CF /* main.m */ = {isa = PBXFileReference; lastKnownFileType = sourcecode.c.objc; path = main.m; sourceTree = "<group>"; };
		CD16E7B51B24FBC50071E1CF /* BWAppDelegate.h */ = {isa = PBXFileReference; lastKnownFileType = sourcecode.c.h; path = BWAppDelegate.h; sourceTree = "<group>"; };
		CD16E7B61B24FBC50071E1CF /* BWAppDelegate.m */ = {isa = PBXFileReference; lastKnownFileType = sourcecode.c.objc; path = BWAppDelegate.m; sourceTree = "<group>"; };
		CD16E7B81B24FBC50071E1CF /* BWRealtimeViewController.h */ = {isa = PBXFileReference; lastKnownFileType = sourcecode.c.h; path = BWRealtimeViewController.h; sourceTree = "<group>"; };
		CD16E7B91B24FBC50071E1CF /* BWRealtimeViewController.m */ = {isa = PBXFileReference; lastKnownFileType = sourcecode.c.objc; path = BWRealtimeViewController.m; sourceTree = "<group>"; };
		CD16E7BB1B24FBC50071E1CF /* BWHistoryViewController.h */ = {isa = PBXFileReference; lastKnownFileType = sourcecode.c.h; path = BWHistoryViewController.h; sourceTree = "<group>"; };
		CD16E7BC1B24FBC50071E1CF /* BWHistoryViewController.m */ = {isa = PBXFileReference; lastKnownFileType = sourcecode.c.objc; path = BWHistoryViewController.m; sourceTree = "<group>"; };
		CD16E7BF1B24FBC50071E1CF /* Base */ = {isa = PBXFileReference; lastKnownFileType = file.storyboard; name = Base; path = Base.lproj/Main.storyboard; sourceTree = "<group>"; };
		CD16E7C11B24FBC50071E1CF /* Images.xcassets */ = {isa = PBXFileReference; lastKnownFileType = folder.assetcatalog; path = Images.xcassets; sourceTree = "<group>"; };
		CD16E7CA1B24FBC50071E1CF /* BioWearTests.xctest */ = {isa = PBXFileReference; explicitFileType = wrapper.cfbundle; includeInIndex = 0; path = BioWearTests.xctest; sourceTree = BUILT_PRODUCTS_DIR; };
		CD16E7CF1B24FBC50071E1CF /* Info.plist */ = {isa = PBXFileReference; lastKnownFileType = text.plist.xml; path = Info.plist; sourceTree = "<group>"; };
		CD16E7D01B24FBC50071E1CF /* SmartSoleTests.m */ = {isa = PBXFileReference; lastKnownFileType = sourcecode.c.objc; path = SmartSoleTests.m; sourceTree = "<group>"; };
		CD16E7E51B2508DA0071E1CF /* BWHistoryGraphViewController.h */ = {isa = PBXFileReference; fileEncoding = 4; lastKnownFileType = sourcecode.c.h; path = BWHistoryGraphViewController.h; sourceTree = "<group>"; };
		CD16E7E61B2508DA0071E1CF /* BWHistoryGraphViewController.m */ = {isa = PBXFileReference; fileEncoding = 4; lastKnownFileType = sourcecode.c.objc; path = BWHistoryGraphViewController.m; sourceTree = "<group>"; };
		CD7F378B1B378EA300C19A6E /* BWHistoryTableViewController.h */ = {isa = PBXFileReference; fileEncoding = 4; lastKnownFileType = sourcecode.c.h; path = BWHistoryTableViewController.h; sourceTree = "<group>"; };
		CD7F378C1B378EA300C19A6E /* BWHistoryTableViewController.m */ = {isa = PBXFileReference; fileEncoding = 4; lastKnownFileType = sourcecode.c.objc; path = BWHistoryTableViewController.m; sourceTree = "<group>"; };
		CDA9D55E1B4DE49100C3170F /* BWSettingsTableViewController.h */ = {isa = PBXFileReference; fileEncoding = 4; lastKnownFileType = sourcecode.c.h; path = BWSettingsTableViewController.h; sourceTree = "<group>"; };
		CDA9D55F1B4DE49100C3170F /* BWSettingsTableViewController.m */ = {isa = PBXFileReference; fileEncoding = 4; lastKnownFileType = sourcecode.c.objc; path = BWSettingsTableViewController.m; sourceTree = "<group>"; };
		CDA9D5681B4DF61D00C3170F /* BWBlueBeanTableViewController.h */ = {isa = PBXFileReference; fileEncoding = 4; lastKnownFileType = sourcecode.c.h; path = BWBlueBeanTableViewController.h; sourceTree = "<group>"; };
		CDA9D5691B4DF61D00C3170F /* BWBlueBeanTableViewController.m */ = {isa = PBXFileReference; fileEncoding = 4; lastKnownFileType = sourcecode.c.objc; path = BWBlueBeanTableViewController.m; sourceTree = "<group>"; };
		CDA9D56D1B4DFA1E00C3170F /* BWBlueBeanTableViewCell.h */ = {isa = PBXFileReference; fileEncoding = 4; lastKnownFileType = sourcecode.c.h; path = BWBlueBeanTableViewCell.h; sourceTree = "<group>"; };
		CDA9D56E1B4DFA1E00C3170F /* BWBlueBeanTableViewCell.m */ = {isa = PBXFileReference; fileEncoding = 4; lastKnownFileType = sourcecode.c.objc; path = BWBlueBeanTableViewCell.m; sourceTree = "<group>"; };
		CDA9D5711B4E001000C3170F /* libPods-Bean-iOS-OSX-SDK.a */ = {isa = PBXFileReference; lastKnownFileType = archive.ar; name = "libPods-Bean-iOS-OSX-SDK.a"; path = "Pods/../build/Debug-iphoneos/libPods-Bean-iOS-OSX-SDK.a"; sourceTree = "<group>"; };
		CDA9D5771B4E127F00C3170F /* BWBlueBeanConnector.h */ = {isa = PBXFileReference; fileEncoding = 4; lastKnownFileType = sourcecode.c.h; path = BWBlueBeanConnector.h; sourceTree = "<group>"; };
		CDA9D5781B4E127F00C3170F /* BWBlueBeanConnector.m */ = {isa = PBXFileReference; fileEncoding = 4; lastKnownFileType = sourcecode.c.objc; path = BWBlueBeanConnector.m; sourceTree = "<group>"; };
		CDA9D5A01B4E229000C3170F /* app_launch_screen_640_960.png */ = {isa = PBXFileReference; lastKnownFileType = image.png; name = app_launch_screen_640_960.png; path = images/app_launch_screen_640_960.png; sourceTree = "<group>"; };
		CDA9D5A21B4E229000C3170F /* bio_wear_logo_58_58.png */ = {isa = PBXFileReference; lastKnownFileType = image.png; name = bio_wear_logo_58_58.png; path = images/bio_wear_logo_58_58.png; sourceTree = "<group>"; };
		CDA9D5A31B4E229000C3170F /* bio_wear_logo_80_80.png */ = {isa = PBXFileReference; lastKnownFileType = image.png; name = bio_wear_logo_80_80.png; path = images/bio_wear_logo_80_80.png; sourceTree = "<group>"; };
		CDA9D5A41B4E229000C3170F /* bio_wear_logo_87_87.png */ = {isa = PBXFileReference; lastKnownFileType = image.png; name = bio_wear_logo_87_87.png; path = images/bio_wear_logo_87_87.png; sourceTree = "<group>"; };
		CDA9D5A51B4E229000C3170F /* bio_wear_logo_120_120.png */ = {isa = PBXFileReference; lastKnownFileType = image.png; name = bio_wear_logo_120_120.png; path = images/bio_wear_logo_120_120.png; sourceTree = "<group>"; };
		CDA9D5A61B4E229000C3170F /* bio_wear_logo_180_180.png */ = {isa = PBXFileReference; lastKnownFileType = image.png; name = bio_wear_logo_180_180.png; path = images/bio_wear_logo_180_180.png; sourceTree = "<group>"; };
		CDA9D5A71B4E229000C3170F /* bio_wear_logo_400_400.png */ = {isa = PBXFileReference; lastKnownFileType = image.png; name = bio_wear_logo_400_400.png; path = images/bio_wear_logo_400_400.png; sourceTree = "<group>"; };
		CDA9D5A81B4E229000C3170F /* bio_wear_logo.png */ = {isa = PBXFileReference; lastKnownFileType = image.png; name = bio_wear_logo.png; path = images/bio_wear_logo.png; sourceTree = "<group>"; };
		CDA9D5B21B4E241C00C3170F /* app_launch_screen_640_1136.png */ = {isa = PBXFileReference; lastKnownFileType = image.png; name = app_launch_screen_640_1136.png; path = images/app_launch_screen_640_1136.png; sourceTree = "<group>"; };
		CDA9D5B41B4E257F00C3170F /* LaunchScreen.xib */ = {isa = PBXFileReference; fileEncoding = 4; lastKnownFileType = file.xib; path = LaunchScreen.xib; sourceTree = "<group>"; };
		CDA9D5B61B4E264200C3170F /* calendar_50.png */ = {isa = PBXFileReference; lastKnownFileType = image.png; name = calendar_50.png; path = images/calendar_50.png; sourceTree = "<group>"; };
		CDA9D5B71B4E264200C3170F /* human_footprint_50.png */ = {isa = PBXFileReference; lastKnownFileType = image.png; name = human_footprint_50.png; path = images/human_footprint_50.png; sourceTree = "<group>"; };
		CDA9D5B81B4E264200C3170F /* running_50.png */ = {isa = PBXFileReference; lastKnownFileType = image.png; name = running_50.png; path = images/running_50.png; sourceTree = "<group>"; };
		CDA9D5B91B4E264200C3170F /* settings_50.png */ = {isa = PBXFileReference; lastKnownFileType = image.png; name = settings_50.png; path = images/settings_50.png; sourceTree = "<group>"; };
		CDA9D5BF1B4E271F00C3170F /* calendar_44.png */ = {isa = PBXFileReference; lastKnownFileType = image.png; name = calendar_44.png; path = images/calendar_44.png; sourceTree = "<group>"; };
		CDA9D5C01B4E271F00C3170F /* human_footprint_44.png */ = {isa = PBXFileReference; lastKnownFileType = image.png; name = human_footprint_44.png; path = images/human_footprint_44.png; sourceTree = "<group>"; };
		CDA9D5C11B4E271F00C3170F /* running_44.png */ = {isa = PBXFileReference; lastKnownFileType = image.png; name = running_44.png; path = images/running_44.png; sourceTree = "<group>"; };
		CDA9D5C21B4E271F00C3170F /* settings_44.png */ = {isa = PBXFileReference; lastKnownFileType = image.png; name = settings_44.png; path = images/settings_44.png; sourceTree = "<group>"; };
		CDA9D5C71B4E284F00C3170F /* calendar_22.png */ = {isa = PBXFileReference; lastKnownFileType = image.png; name = calendar_22.png; path = images/calendar_22.png; sourceTree = "<group>"; };
		CDA9D5C81B4E284F00C3170F /* human_footprint_22.png */ = {isa = PBXFileReference; lastKnownFileType = image.png; name = human_footprint_22.png; path = images/human_footprint_22.png; sourceTree = "<group>"; };
		CDA9D5C91B4E284F00C3170F /* running_22.png */ = {isa = PBXFileReference; lastKnownFileType = image.png; name = running_22.png; path = images/running_22.png; sourceTree = "<group>"; };
		CDA9D5CA1B4E284F00C3170F /* settings_22.png */ = {isa = PBXFileReference; lastKnownFileType = image.png; name = settings_22.png; path = images/settings_22.png; sourceTree = "<group>"; };
		CDC422921B4F239900759210 /* BWBlueBean.h */ = {isa = PBXFileReference; fileEncoding = 4; lastKnownFileType = sourcecode.c.h; path = BWBlueBean.h; sourceTree = "<group>"; };
		CDC422931B4F239900759210 /* BWBlueBean.m */ = {isa = PBXFileReference; fileEncoding = 4; lastKnownFileType = sourcecode.c.objc; path = BWBlueBean.m; sourceTree = "<group>"; };
		CDDFB1191B390D2600DF1D5B /* CorePlot-CocoaTouch.xcodeproj */ = {isa = PBXFileReference; lastKnownFileType = "wrapper.pb-project"; name = "CorePlot-CocoaTouch.xcodeproj"; path = "../core-plot-master/framework/CorePlot-CocoaTouch.xcodeproj"; sourceTree = "<group>"; };
		CDDFB1251B39115600DF1D5B /* QuartzCore.framework */ = {isa = PBXFileReference; lastKnownFileType = wrapper.framework; name = QuartzCore.framework; path = System/Library/Frameworks/QuartzCore.framework; sourceTree = SDKROOT; };
		CDDFB1271B39116200DF1D5B /* Accelerate.framework */ = {isa = PBXFileReference; lastKnownFileType = wrapper.framework; name = Accelerate.framework; path = System/Library/Frameworks/Accelerate.framework; sourceTree = SDKROOT; };
		CE87C6738105A298299325A5 /* Pods.release.xcconfig */ = {isa = PBXFileReference; includeInIndex = 1; lastKnownFileType = text.xcconfig; name = Pods.release.xcconfig; path = "Pods/Target Support Files/Pods/Pods.release.xcconfig"; sourceTree = "<group>"; };
		DF5B73B1D557B0CEC5618F1A /* libPods.a */ = {isa = PBXFileReference; explicitFileType = archive.ar; includeInIndex = 0; path = libPods.a; sourceTree = BUILT_PRODUCTS_DIR; };
/* End PBXFileReference section */

/* Begin PBXFrameworksBuildPhase section */
		CD16E7AB1B24FBC50071E1CF /* Frameworks */ = {
			isa = PBXFrameworksBuildPhase;
			buildActionMask = 2147483647;
			files = (
				5315D8821B50F01600B56EA5 /* libPods-Bean-iOS-OSX-SDK.a in Frameworks */,
				5315D8801B50F01200B56EA5 /* libCorePlot-CocoaTouch.a in Frameworks */,
				CDDFB1281B39116200DF1D5B /* Accelerate.framework in Frameworks */,
				CDDFB1261B39115600DF1D5B /* QuartzCore.framework in Frameworks */,
				9CEFEF823DBD8E6C25B450E4 /* libPods.a in Frameworks */,
			);
			runOnlyForDeploymentPostprocessing = 0;
		};
		CD16E7C71B24FBC50071E1CF /* Frameworks */ = {
			isa = PBXFrameworksBuildPhase;
			buildActionMask = 2147483647;
			files = (
			);
			runOnlyForDeploymentPostprocessing = 0;
		};
/* End PBXFrameworksBuildPhase section */

/* Begin PBXGroup section */
		2A4A5036ED7CD161CFDEB183 /* Pods */ = {
			isa = PBXGroup;
			children = (
				9E5682A54B82EF61D63EB688 /* Pods.debug.xcconfig */,
				CE87C6738105A298299325A5 /* Pods.release.xcconfig */,
			);
			name = Pods;
			sourceTree = "<group>";
		};
		7377D6F3ACB1645A58B7499C /* Frameworks */ = {
			isa = PBXGroup;
			children = (
				5315D8811B50F01600B56EA5 /* libPods-Bean-iOS-OSX-SDK.a */,
				CDA9D5711B4E001000C3170F /* libPods-Bean-iOS-OSX-SDK.a */,
				DF5B73B1D557B0CEC5618F1A /* libPods.a */,
			);
			name = Frameworks;
			sourceTree = "<group>";
		};
		CD16E7A51B24FBC50071E1CF = {
			isa = PBXGroup;
			children = (
				CDDFB1271B39116200DF1D5B /* Accelerate.framework */,
				CDDFB1251B39115600DF1D5B /* QuartzCore.framework */,
				CDDFB1191B390D2600DF1D5B /* CorePlot-CocoaTouch.xcodeproj */,
				CD16E7B01B24FBC50071E1CF /* BioWear */,
				CD16E7CD1B24FBC50071E1CF /* BioWearTests */,
				CD16E7AF1B24FBC50071E1CF /* Products */,
				2A4A5036ED7CD161CFDEB183 /* Pods */,
				7377D6F3ACB1645A58B7499C /* Frameworks */,
			);
			sourceTree = "<group>";
		};
		CD16E7AF1B24FBC50071E1CF /* Products */ = {
			isa = PBXGroup;
			children = (
				CD16E7AE1B24FBC50071E1CF /* BioWear.app */,
				CD16E7CA1B24FBC50071E1CF /* BioWearTests.xctest */,
			);
			name = Products;
			sourceTree = "<group>";
		};
		CD16E7B01B24FBC50071E1CF /* BioWear */ = {
			isa = PBXGroup;
			children = (
				CDA9D5891B4E1E8E00C3170F /* images */,
				CD16E7B51B24FBC50071E1CF /* BWAppDelegate.h */,
				CD16E7B61B24FBC50071E1CF /* BWAppDelegate.m */,
				CDC422921B4F239900759210 /* BWBlueBean.h */,
				CDC422931B4F239900759210 /* BWBlueBean.m */,
				CDA9D5771B4E127F00C3170F /* BWBlueBeanConnector.h */,
				CDA9D5781B4E127F00C3170F /* BWBlueBeanConnector.m */,
				CDA9D56D1B4DFA1E00C3170F /* BWBlueBeanTableViewCell.h */,
				CDA9D56E1B4DFA1E00C3170F /* BWBlueBeanTableViewCell.m */,
				CDA9D5681B4DF61D00C3170F /* BWBlueBeanTableViewController.h */,
				CDA9D5691B4DF61D00C3170F /* BWBlueBeanTableViewController.m */,
				53612AC51B51D0CF002D7690 /* BWData.h */,
				53612AC61B51D0CF002D7690 /* BWData.m */,
				CD16E7E51B2508DA0071E1CF /* BWHistoryGraphViewController.h */,
				CD16E7E61B2508DA0071E1CF /* BWHistoryGraphViewController.m */,
				CD7F378B1B378EA300C19A6E /* BWHistoryTableViewController.h */,
				CD7F378C1B378EA300C19A6E /* BWHistoryTableViewController.m */,
				CD16E7BB1B24FBC50071E1CF /* BWHistoryViewController.h */,
				CD16E7BC1B24FBC50071E1CF /* BWHistoryViewController.m */,
				CD12CB5C1B385D55004F3AB7 /* BWInformationViewController.h */,
				CD12CB5D1B385D55004F3AB7 /* BWInformationViewController.m */,
				CD16E7B81B24FBC50071E1CF /* BWRealtimeViewController.h */,
				CD16E7B91B24FBC50071E1CF /* BWRealtimeViewController.m */,
				CDA9D55E1B4DE49100C3170F /* BWSettingsTableViewController.h */,
				CDA9D55F1B4DE49100C3170F /* BWSettingsTableViewController.m */,
				CD16E7BE1B24FBC50071E1CF /* Main.storyboard */,
				CD16E7C11B24FBC50071E1CF /* Images.xcassets */,
				CD16E7B11B24FBC50071E1CF /* Supporting Files */,
				CDA9D5B41B4E257F00C3170F /* LaunchScreen.xib */,
			);
			name = BioWear;
			path = SmartSole;
			sourceTree = "<group>";
		};
		CD16E7B11B24FBC50071E1CF /* Supporting Files */ = {
			isa = PBXGroup;
			children = (
				CD16E7B21B24FBC50071E1CF /* Info.plist */,
				CD16E7B31B24FBC50071E1CF /* main.m */,
			);
			name = "Supporting Files";
			sourceTree = "<group>";
		};
		CD16E7CD1B24FBC50071E1CF /* BioWearTests */ = {
			isa = PBXGroup;
			children = (
				CD16E7D01B24FBC50071E1CF /* SmartSoleTests.m */,
				CD16E7CE1B24FBC50071E1CF /* Supporting Files */,
			);
			name = BioWearTests;
			path = SmartSoleTests;
			sourceTree = "<group>";
		};
		CD16E7CE1B24FBC50071E1CF /* Supporting Files */ = {
			isa = PBXGroup;
			children = (
				CD16E7CF1B24FBC50071E1CF /* Info.plist */,
			);
			name = "Supporting Files";
			sourceTree = "<group>";
		};
		CDA9D5891B4E1E8E00C3170F /* images */ = {
			isa = PBXGroup;
			children = (
				CDA9D5BE1B4E264900C3170F /* icons */,
				CDA9D5A01B4E229000C3170F /* app_launch_screen_640_960.png */,
				CDA9D5B21B4E241C00C3170F /* app_launch_screen_640_1136.png */,
				CDA9D5A21B4E229000C3170F /* bio_wear_logo_58_58.png */,
				CDA9D5A31B4E229000C3170F /* bio_wear_logo_80_80.png */,
				CDA9D5A41B4E229000C3170F /* bio_wear_logo_87_87.png */,
				CDA9D5A51B4E229000C3170F /* bio_wear_logo_120_120.png */,
				CDA9D5A61B4E229000C3170F /* bio_wear_logo_180_180.png */,
				CDA9D5A71B4E229000C3170F /* bio_wear_logo_400_400.png */,
				CDA9D5A81B4E229000C3170F /* bio_wear_logo.png */,
			);
			name = images;
			sourceTree = "<group>";
		};
		CDA9D5BE1B4E264900C3170F /* icons */ = {
			isa = PBXGroup;
			children = (
				CDA9D5C71B4E284F00C3170F /* calendar_22.png */,
				CDA9D5C81B4E284F00C3170F /* human_footprint_22.png */,
				CDA9D5C91B4E284F00C3170F /* running_22.png */,
				CDA9D5CA1B4E284F00C3170F /* settings_22.png */,
				CDA9D5BF1B4E271F00C3170F /* calendar_44.png */,
				CDA9D5C01B4E271F00C3170F /* human_footprint_44.png */,
				CDA9D5C11B4E271F00C3170F /* running_44.png */,
				CDA9D5C21B4E271F00C3170F /* settings_44.png */,
				CDA9D5B61B4E264200C3170F /* calendar_50.png */,
				CDA9D5B71B4E264200C3170F /* human_footprint_50.png */,
				CDA9D5B81B4E264200C3170F /* running_50.png */,
				CDA9D5B91B4E264200C3170F /* settings_50.png */,
			);
			name = icons;
			sourceTree = "<group>";
		};
		CDDFB11A1B390D2600DF1D5B /* Products */ = {
			isa = PBXGroup;
			children = (
				CDDFB1201B390D2600DF1D5B /* libCorePlot-CocoaTouch.a */,
			);
			name = Products;
			sourceTree = "<group>";
		};
/* End PBXGroup section */

/* Begin PBXNativeTarget section */
		CD16E7AD1B24FBC50071E1CF /* BioWear */ = {
			isa = PBXNativeTarget;
			buildConfigurationList = CD16E7D41B24FBC50071E1CF /* Build configuration list for PBXNativeTarget "BioWear" */;
			buildPhases = (
				FF95A157A58F1092B1B9936C /* Check Pods Manifest.lock */,
				CD16E7AA1B24FBC50071E1CF /* Sources */,
				CD16E7AB1B24FBC50071E1CF /* Frameworks */,
				CD16E7AC1B24FBC50071E1CF /* Resources */,
				1732C5B8F5FE562172883E2C /* Copy Pods Resources */,
			);
			buildRules = (
			);
			dependencies = (
				CDDFB1231B390DEB00DF1D5B /* PBXTargetDependency */,
			);
			name = BioWear;
			productName = SmartSole;
			productReference = CD16E7AE1B24FBC50071E1CF /* BioWear.app */;
			productType = "com.apple.product-type.application";
		};
		CD16E7C91B24FBC50071E1CF /* BioWearTests */ = {
			isa = PBXNativeTarget;
			buildConfigurationList = CD16E7D71B24FBC50071E1CF /* Build configuration list for PBXNativeTarget "BioWearTests" */;
			buildPhases = (
				CD16E7C61B24FBC50071E1CF /* Sources */,
				CD16E7C71B24FBC50071E1CF /* Frameworks */,
				CD16E7C81B24FBC50071E1CF /* Resources */,
			);
			buildRules = (
			);
			dependencies = (
				CD16E7CC1B24FBC50071E1CF /* PBXTargetDependency */,
			);
			name = BioWearTests;
			productName = SmartSoleTests;
			productReference = CD16E7CA1B24FBC50071E1CF /* BioWearTests.xctest */;
			productType = "com.apple.product-type.bundle.unit-test";
		};
/* End PBXNativeTarget section */

/* Begin PBXProject section */
		CD16E7A61B24FBC50071E1CF /* Project object */ = {
			isa = PBXProject;
			attributes = {
				LastUpgradeCheck = 0700;
				TargetAttributes = {
					CD16E7AD1B24FBC50071E1CF = {
						CreatedOnToolsVersion = 6.3.2;
						DevelopmentTeam = EBY7449492;
						SystemCapabilities = {
							com.apple.GameCenter = {
								enabled = 0;
							};
						};
					};
					CD16E7C91B24FBC50071E1CF = {
						CreatedOnToolsVersion = 6.3.2;
						TestTargetID = CD16E7AD1B24FBC50071E1CF;
					};
				};
			};
			buildConfigurationList = CD16E7A91B24FBC50071E1CF /* Build configuration list for PBXProject "BioWear" */;
			compatibilityVersion = "Xcode 3.2";
			developmentRegion = English;
			hasScannedForEncodings = 0;
			knownRegions = (
				en,
				Base,
			);
			mainGroup = CD16E7A51B24FBC50071E1CF;
			productRefGroup = CD16E7AF1B24FBC50071E1CF /* Products */;
			projectDirPath = "";
			projectReferences = (
				{
					ProductGroup = CDDFB11A1B390D2600DF1D5B /* Products */;
					ProjectRef = CDDFB1191B390D2600DF1D5B /* CorePlot-CocoaTouch.xcodeproj */;
				},
			);
			projectRoot = "";
			targets = (
				CD16E7AD1B24FBC50071E1CF /* BioWear */,
				CD16E7C91B24FBC50071E1CF /* BioWearTests */,
			);
		};
/* End PBXProject section */

/* Begin PBXReferenceProxy section */
		CDDFB1201B390D2600DF1D5B /* libCorePlot-CocoaTouch.a */ = {
			isa = PBXReferenceProxy;
			fileType = archive.ar;
			path = "libCorePlot-CocoaTouch.a";
			remoteRef = CDDFB11F1B390D2600DF1D5B /* PBXContainerItemProxy */;
			sourceTree = BUILT_PRODUCTS_DIR;
		};
/* End PBXReferenceProxy section */

/* Begin PBXResourcesBuildPhase section */
		CD16E7AC1B24FBC50071E1CF /* Resources */ = {
			isa = PBXResourcesBuildPhase;
			buildActionMask = 2147483647;
			files = (
				CDA9D5BB1B4E264200C3170F /* human_footprint_50.png in Resources */,
				CDA9D5B01B4E229000C3170F /* bio_wear_logo_400_400.png in Resources */,
				CDA9D5AC1B4E229000C3170F /* bio_wear_logo_80_80.png in Resources */,
				CDA9D5C41B4E271F00C3170F /* human_footprint_44.png in Resources */,
				CDA9D5AB1B4E229000C3170F /* bio_wear_logo_58_58.png in Resources */,
				CDA9D5AE1B4E229000C3170F /* bio_wear_logo_120_120.png in Resources */,
				CDA9D5CE1B4E284F00C3170F /* settings_22.png in Resources */,
				CDA9D5B51B4E257F00C3170F /* LaunchScreen.xib in Resources */,
				CDA9D5CC1B4E284F00C3170F /* human_footprint_22.png in Resources */,
				CDA9D5B11B4E229000C3170F /* bio_wear_logo.png in Resources */,
				CDA9D5BD1B4E264200C3170F /* settings_50.png in Resources */,
				CDA9D5C31B4E271F00C3170F /* calendar_44.png in Resources */,
				CDA9D5AF1B4E229000C3170F /* bio_wear_logo_180_180.png in Resources */,
				CDA9D5C51B4E271F00C3170F /* running_44.png in Resources */,
				CDA9D5CB1B4E284F00C3170F /* calendar_22.png in Resources */,
				CD16E7C01B24FBC50071E1CF /* Main.storyboard in Resources */,
				CDA9D5CD1B4E284F00C3170F /* running_22.png in Resources */,
				CDA9D5A91B4E229000C3170F /* app_launch_screen_640_960.png in Resources */,
				CDA9D5C61B4E271F00C3170F /* settings_44.png in Resources */,
				CDA9D5BA1B4E264200C3170F /* calendar_50.png in Resources */,
				CDA9D5AD1B4E229000C3170F /* bio_wear_logo_87_87.png in Resources */,
				CDA9D5B31B4E241C00C3170F /* app_launch_screen_640_1136.png in Resources */,
				CD16E7C21B24FBC50071E1CF /* Images.xcassets in Resources */,
				CDA9D5BC1B4E264200C3170F /* running_50.png in Resources */,
			);
			runOnlyForDeploymentPostprocessing = 0;
		};
		CD16E7C81B24FBC50071E1CF /* Resources */ = {
			isa = PBXResourcesBuildPhase;
			buildActionMask = 2147483647;
			files = (
			);
			runOnlyForDeploymentPostprocessing = 0;
		};
/* End PBXResourcesBuildPhase section */

/* Begin PBXShellScriptBuildPhase section */
		1732C5B8F5FE562172883E2C /* Copy Pods Resources */ = {
			isa = PBXShellScriptBuildPhase;
			buildActionMask = 2147483647;
			files = (
			);
			inputPaths = (
			);
			name = "Copy Pods Resources";
			outputPaths = (
			);
			runOnlyForDeploymentPostprocessing = 0;
			shellPath = /bin/sh;
			shellScript = "\"${SRCROOT}/Pods/Target Support Files/Pods/Pods-resources.sh\"\n";
			showEnvVarsInLog = 0;
		};
		FF95A157A58F1092B1B9936C /* Check Pods Manifest.lock */ = {
			isa = PBXShellScriptBuildPhase;
			buildActionMask = 2147483647;
			files = (
			);
			inputPaths = (
			);
			name = "Check Pods Manifest.lock";
			outputPaths = (
			);
			runOnlyForDeploymentPostprocessing = 0;
			shellPath = /bin/sh;
			shellScript = "diff \"${PODS_ROOT}/../Podfile.lock\" \"${PODS_ROOT}/Manifest.lock\" > /dev/null\nif [[ $? != 0 ]] ; then\n    cat << EOM\nerror: The sandbox is not in sync with the Podfile.lock. Run 'pod install' or update your CocoaPods installation.\nEOM\n    exit 1\nfi\n";
			showEnvVarsInLog = 0;
		};
/* End PBXShellScriptBuildPhase section */

/* Begin PBXSourcesBuildPhase section */
		CD16E7AA1B24FBC50071E1CF /* Sources */ = {
			isa = PBXSourcesBuildPhase;
			buildActionMask = 2147483647;
			files = (
				CDA9D56F1B4DFA1E00C3170F /* BWBlueBeanTableViewCell.m in Sources */,
				CDA9D5601B4DE49100C3170F /* BWSettingsTableViewController.m in Sources */,
				CDA9D56A1B4DF61D00C3170F /* BWBlueBeanTableViewController.m in Sources */,
				CD7F378D1B378EA300C19A6E /* BWHistoryTableViewController.m in Sources */,
				CD16E7E71B2508DA0071E1CF /* BWHistoryGraphViewController.m in Sources */,
				CDA9D5791B4E127F00C3170F /* BWBlueBeanConnector.m in Sources */,
				CD16E7BD1B24FBC50071E1CF /* BWHistoryViewController.m in Sources */,
				CD16E7B71B24FBC50071E1CF /* BWAppDelegate.m in Sources */,
				CD16E7BA1B24FBC50071E1CF /* BWRealtimeViewController.m in Sources */,
				CD12CB5E1B385D55004F3AB7 /* BWInformationViewController.m in Sources */,
				CDC422941B4F239900759210 /* BWBlueBean.m in Sources */,
				CD16E7B41B24FBC50071E1CF /* main.m in Sources */,
				53612AC71B51D0CF002D7690 /* BWData.m in Sources */,
			);
			runOnlyForDeploymentPostprocessing = 0;
		};
		CD16E7C61B24FBC50071E1CF /* Sources */ = {
			isa = PBXSourcesBuildPhase;
			buildActionMask = 2147483647;
			files = (
				CD16E7D11B24FBC50071E1CF /* SmartSoleTests.m in Sources */,
			);
			runOnlyForDeploymentPostprocessing = 0;
		};
/* End PBXSourcesBuildPhase section */

/* Begin PBXTargetDependency section */
		CD16E7CC1B24FBC50071E1CF /* PBXTargetDependency */ = {
			isa = PBXTargetDependency;
			target = CD16E7AD1B24FBC50071E1CF /* BioWear */;
			targetProxy = CD16E7CB1B24FBC50071E1CF /* PBXContainerItemProxy */;
		};
		CDDFB1231B390DEB00DF1D5B /* PBXTargetDependency */ = {
			isa = PBXTargetDependency;
			name = "CorePlot-CocoaTouch";
			targetProxy = CDDFB1221B390DEB00DF1D5B /* PBXContainerItemProxy */;
		};
/* End PBXTargetDependency section */

/* Begin PBXVariantGroup section */
		CD16E7BE1B24FBC50071E1CF /* Main.storyboard */ = {
			isa = PBXVariantGroup;
			children = (
				CD16E7BF1B24FBC50071E1CF /* Base */,
			);
			name = Main.storyboard;
			sourceTree = "<group>";
		};
/* End PBXVariantGroup section */

/* Begin XCBuildConfiguration section */
		CD16E7D21B24FBC50071E1CF /* Debug */ = {
			isa = XCBuildConfiguration;
			buildSettings = {
				ALWAYS_SEARCH_USER_PATHS = NO;
				CLANG_CXX_LANGUAGE_STANDARD = "gnu++0x";
				CLANG_CXX_LIBRARY = "libc++";
				CLANG_ENABLE_MODULES = YES;
				CLANG_ENABLE_OBJC_ARC = YES;
				CLANG_WARN_BOOL_CONVERSION = YES;
				CLANG_WARN_CONSTANT_CONVERSION = YES;
				CLANG_WARN_DIRECT_OBJC_ISA_USAGE = YES_ERROR;
				CLANG_WARN_EMPTY_BODY = YES;
				CLANG_WARN_ENUM_CONVERSION = YES;
				CLANG_WARN_INT_CONVERSION = YES;
				CLANG_WARN_OBJC_ROOT_CLASS = YES_ERROR;
				CLANG_WARN_UNREACHABLE_CODE = YES;
				CLANG_WARN__DUPLICATE_METHOD_MATCH = YES;
				"CODE_SIGN_IDENTITY[sdk=iphoneos*]" = "iPhone Developer";
				COPY_PHASE_STRIP = NO;
				DEBUG_INFORMATION_FORMAT = "dwarf-with-dsym";
				ENABLE_STRICT_OBJC_MSGSEND = YES;
				ENABLE_TESTABILITY = YES;
				GCC_C_LANGUAGE_STANDARD = gnu99;
				GCC_DYNAMIC_NO_PIC = NO;
				GCC_NO_COMMON_BLOCKS = YES;
				GCC_OPTIMIZATION_LEVEL = 0;
				GCC_PREPROCESSOR_DEFINITIONS = (
					"DEBUG=1",
					"$(inherited)",
				);
				GCC_SYMBOLS_PRIVATE_EXTERN = NO;
				GCC_WARN_64_TO_32_BIT_CONVERSION = YES;
				GCC_WARN_ABOUT_RETURN_TYPE = YES_ERROR;
				GCC_WARN_UNDECLARED_SELECTOR = YES;
				GCC_WARN_UNINITIALIZED_AUTOS = YES_AGGRESSIVE;
				GCC_WARN_UNUSED_FUNCTION = YES;
				GCC_WARN_UNUSED_VARIABLE = YES;
				IPHONEOS_DEPLOYMENT_TARGET = 8.4;
				MTL_ENABLE_DEBUG_INFO = YES;
				ONLY_ACTIVE_ARCH = YES;
				SDKROOT = iphoneos;
				TARGETED_DEVICE_FAMILY = "1,2";
			};
			name = Debug;
		};
		CD16E7D31B24FBC50071E1CF /* Release */ = {
			isa = XCBuildConfiguration;
			buildSettings = {
				ALWAYS_SEARCH_USER_PATHS = NO;
				CLANG_CXX_LANGUAGE_STANDARD = "gnu++0x";
				CLANG_CXX_LIBRARY = "libc++";
				CLANG_ENABLE_MODULES = YES;
				CLANG_ENABLE_OBJC_ARC = YES;
				CLANG_WARN_BOOL_CONVERSION = YES;
				CLANG_WARN_CONSTANT_CONVERSION = YES;
				CLANG_WARN_DIRECT_OBJC_ISA_USAGE = YES_ERROR;
				CLANG_WARN_EMPTY_BODY = YES;
				CLANG_WARN_ENUM_CONVERSION = YES;
				CLANG_WARN_INT_CONVERSION = YES;
				CLANG_WARN_OBJC_ROOT_CLASS = YES_ERROR;
				CLANG_WARN_UNREACHABLE_CODE = YES;
				CLANG_WARN__DUPLICATE_METHOD_MATCH = YES;
				"CODE_SIGN_IDENTITY[sdk=iphoneos*]" = "iPhone Developer";
				COPY_PHASE_STRIP = NO;
				DEBUG_INFORMATION_FORMAT = "dwarf-with-dsym";
				ENABLE_NS_ASSERTIONS = NO;
				ENABLE_STRICT_OBJC_MSGSEND = YES;
				GCC_C_LANGUAGE_STANDARD = gnu99;
				GCC_NO_COMMON_BLOCKS = YES;
				GCC_WARN_64_TO_32_BIT_CONVERSION = YES;
				GCC_WARN_ABOUT_RETURN_TYPE = YES_ERROR;
				GCC_WARN_UNDECLARED_SELECTOR = YES;
				GCC_WARN_UNINITIALIZED_AUTOS = YES_AGGRESSIVE;
				GCC_WARN_UNUSED_FUNCTION = YES;
				GCC_WARN_UNUSED_VARIABLE = YES;
				IPHONEOS_DEPLOYMENT_TARGET = 8.4;
				MTL_ENABLE_DEBUG_INFO = NO;
				SDKROOT = iphoneos;
				TARGETED_DEVICE_FAMILY = "1,2";
				VALIDATE_PRODUCT = YES;
			};
			name = Release;
		};
		CD16E7D51B24FBC50071E1CF /* Debug */ = {
			isa = XCBuildConfiguration;
			baseConfigurationReference = 9E5682A54B82EF61D63EB688 /* Pods.debug.xcconfig */;
			buildSettings = {
				ASSETCATALOG_COMPILER_APPICON_NAME = AppIcon;
				ASSETCATALOG_COMPILER_LAUNCHIMAGE_NAME = LaunchImage;
				CLANG_ENABLE_OBJC_ARC = YES;
				CODE_SIGN_IDENTITY = "iPhone Developer";
				"CODE_SIGN_IDENTITY[sdk=iphoneos*]" = "iPhone Developer";
				HEADER_SEARCH_PATHS = (
					"$(inherited)",
					/Applications/Xcode.app/Contents/Developer/Toolchains/XcodeDefault.xctoolchain/usr/include,
					"/Users/juhwanjeong/Documents/fydp-ios/core-plot-master/framework/**",
				);
				INFOPLIST_FILE = SmartSole/Info.plist;
				IPHONEOS_DEPLOYMENT_TARGET = 8.4;
				LD_RUNPATH_SEARCH_PATHS = "$(inherited) @executable_path/Frameworks";
				LIBRARY_SEARCH_PATHS = (
					"$(inherited)",
					"$(PROJECT_DIR)/build/Debug-iphoneos",
				);
				OTHER_LDFLAGS = "-ObjC";
				PRODUCT_BUNDLE_IDENTIFIER = "com.piezo.$(PRODUCT_NAME:rfc1034identifier)";
				PRODUCT_NAME = BioWear;
				PROVISIONING_PROFILE = "";
				TARGETED_DEVICE_FAMILY = 1;
			};
			name = Debug;
		};
		CD16E7D61B24FBC50071E1CF /* Release */ = {
			isa = XCBuildConfiguration;
			baseConfigurationReference = CE87C6738105A298299325A5 /* Pods.release.xcconfig */;
			buildSettings = {
				ASSETCATALOG_COMPILER_APPICON_NAME = AppIcon;
				ASSETCATALOG_COMPILER_LAUNCHIMAGE_NAME = LaunchImage;
				CLANG_ENABLE_OBJC_ARC = YES;
				CODE_SIGN_IDENTITY = "iPhone Developer";
				"CODE_SIGN_IDENTITY[sdk=iphoneos*]" = "iPhone Developer";
				HEADER_SEARCH_PATHS = (
					"$(inherited)",
					/Applications/Xcode.app/Contents/Developer/Toolchains/XcodeDefault.xctoolchain/usr/include,
					"/Users/juhwanjeong/Documents/fydp-ios/core-plot-master/framework/**",
				);
				INFOPLIST_FILE = SmartSole/Info.plist;
				IPHONEOS_DEPLOYMENT_TARGET = 8.4;
				LD_RUNPATH_SEARCH_PATHS = "$(inherited) @executable_path/Frameworks";
				LIBRARY_SEARCH_PATHS = (
					"$(inherited)",
					"$(PROJECT_DIR)/build/Debug-iphoneos",
				);
				OTHER_LDFLAGS = "-ObjC";
				PRODUCT_BUNDLE_IDENTIFIER = "com.piezo.$(PRODUCT_NAME:rfc1034identifier)";
				PRODUCT_NAME = BioWear;
				PROVISIONING_PROFILE = "";
				TARGETED_DEVICE_FAMILY = 1;
			};
			name = Release;
		};
		CD16E7D81B24FBC50071E1CF /* Debug */ = {
			isa = XCBuildConfiguration;
			buildSettings = {
				BUNDLE_LOADER = "$(TEST_HOST)";
				FRAMEWORK_SEARCH_PATHS = (
					"$(SDKROOT)/Developer/Library/Frameworks",
					"$(inherited)",
				);
				GCC_PREPROCESSOR_DEFINITIONS = (
					"DEBUG=1",
					"$(inherited)",
				);
				INFOPLIST_FILE = SmartSoleTests/Info.plist;
				LD_RUNPATH_SEARCH_PATHS = "$(inherited) @executable_path/Frameworks @loader_path/Frameworks";
				PRODUCT_BUNDLE_IDENTIFIER = "com.piezo.$(PRODUCT_NAME:rfc1034identifier)";
				PRODUCT_NAME = BioWearTests;
				TEST_HOST = "$(BUILT_PRODUCTS_DIR)/BioWear.app/BioWear";
			};
			name = Debug;
		};
		CD16E7D91B24FBC50071E1CF /* Release */ = {
			isa = XCBuildConfiguration;
			buildSettings = {
				BUNDLE_LOADER = "$(TEST_HOST)";
				FRAMEWORK_SEARCH_PATHS = (
					"$(SDKROOT)/Developer/Library/Frameworks",
					"$(inherited)",
				);
				INFOPLIST_FILE = SmartSoleTests/Info.plist;
				LD_RUNPATH_SEARCH_PATHS = "$(inherited) @executable_path/Frameworks @loader_path/Frameworks";
				PRODUCT_BUNDLE_IDENTIFIER = "com.piezo.$(PRODUCT_NAME:rfc1034identifier)";
				PRODUCT_NAME = BioWearTests;
				TEST_HOST = "$(BUILT_PRODUCTS_DIR)/BioWear.app/BioWear";
			};
			name = Release;
		};
/* End XCBuildConfiguration section */

/* Begin XCConfigurationList section */
		CD16E7A91B24FBC50071E1CF /* Build configuration list for PBXProject "BioWear" */ = {
			isa = XCConfigurationList;
			buildConfigurations = (
				CD16E7D21B24FBC50071E1CF /* Debug */,
				CD16E7D31B24FBC50071E1CF /* Release */,
			);
			defaultConfigurationIsVisible = 0;
			defaultConfigurationName = Release;
		};
		CD16E7D41B24FBC50071E1CF /* Build configuration list for PBXNativeTarget "BioWear" */ = {
			isa = XCConfigurationList;
			buildConfigurations = (
				CD16E7D51B24FBC50071E1CF /* Debug */,
				CD16E7D61B24FBC50071E1CF /* Release */,
			);
			defaultConfigurationIsVisible = 0;
			defaultConfigurationName = Release;
		};
		CD16E7D71B24FBC50071E1CF /* Build configuration list for PBXNativeTarget "BioWearTests" */ = {
			isa = XCConfigurationList;
			buildConfigurations = (
				CD16E7D81B24FBC50071E1CF /* Debug */,
				CD16E7D91B24FBC50071E1CF /* Release */,
			);
			defaultConfigurationIsVisible = 0;
			defaultConfigurationName = Release;
		};
/* End XCConfigurationList section */
	};
	rootObject = CD16E7A61B24FBC50071E1CF /* Project object */;
}
